PODS:
  - Alamofire (4.7.3)
  - ctkit (0.20.0):
    - Alamofire (~> 4.7)
    - ctkit/ActivityCenter (= 0.20.0)
    - ctkit/Bike (= 0.20.0)
    - ctkit/Billing (= 0.20.0)
    - ctkit/Core (= 0.20.0)
    - RxSwift (~> 4.0)
  - ctkit/ActivityCenter (0.20.0):
    - Alamofire (~> 4.7)
    - RxSwift (~> 4.0)
  - ctkit/Bike (0.20.0):
    - Alamofire (~> 4.7)
    - RxSwift (~> 4.0)
  - ctkit/Billing (0.20.0):
    - Alamofire (~> 4.7)
    - RxSwift (~> 4.0)
  - ctkit/Core (0.20.0):
    - Alamofire (~> 4.7)
    - RxSwift (~> 4.0)
  - Mockingjay (2.0.1):
    - Mockingjay/Core (= 2.0.1)
    - Mockingjay/XCTest (= 2.0.1)
  - Mockingjay/Core (2.0.1):
    - URITemplate (~> 2.0)
  - Mockingjay/XCTest (2.0.1):
    - Mockingjay/Core
  - Nimble (8.0.1)
  - Quick (1.3.2)
  - RxBlocking (4.3.1):
    - RxSwift (~> 4.0)
  - RxSwift (4.3.1)
  - RxTest (4.3.1):
    - RxSwift (~> 4.0)
  - URITemplate (2.0.3)

DEPENDENCIES:
  - ctkit (from `../`)
  - Mockingjay
  - Nimble
  - Quick
  - RxBlocking (~> 4.0)
  - RxTest (~> 4.0)

SPEC REPOS:
  https://github.com/cocoapods/specs.git:
    - Alamofire
    - Mockingjay
    - Nimble
    - Quick
    - RxBlocking
    - RxSwift
    - RxTest
    - URITemplate

EXTERNAL SOURCES:
  ctkit:
    :path: "../"

SPEC CHECKSUMS:
  Alamofire: c7287b6e5d7da964a70935e5db17046b7fde6568
  ctkit: fd49ab961f3bd5c7167758f81f966b7f0238e45d
  Mockingjay: 11a621880d2887f1775bdcf824341eb68f218450
  Nimble: 45f786ae66faa9a709624227fae502db55a8bdd0
  Quick: 2623cb30d7a7f41ca62f684f679586558f483d46
  RxBlocking: 64c051285261ca2339481e91b5f70eb06b03660a
  RxSwift: fe0fd770a43acdb7d0a53da411c9b892e69bb6e4
  RxTest: ea97a208826906f3904c0debdd09575ebcbfe216
  URITemplate: ace0c4c46dcf8afe6e89b4060621852886b15c3b

PODFILE CHECKSUM: 446e4e084ba3d31577f9942ccb229575c38358e5

COCOAPODS: 1.7.5
