PODS:
  - Alamofire (4.9.1)
  - AppAuth (1.4.0):
    - AppAuth/Core (= 1.4.0)
    - AppAuth/ExternalUserAgent (= 1.4.0)
  - AppAuth/Core (1.4.0)
  - AppAuth/ExternalUserAgent (1.4.0)
  - ctkit (1.55.0):
    - Alamofire (~> 4.7)
    - AppAuth
    - RxBlocking
    - RxSwift (~> 5.0)
  - Mockingjay (3.0.0-alpha.1):
    - Mockingjay/Core (= 3.0.0-alpha.1)
    - Mockingjay/XCTest (= 3.0.0-alpha.1)
  - Mockingjay/Core (3.0.0-alpha.1):
    - URITemplate (~> 3.0)
  - Mockingjay/XCTest (3.0.0-alpha.1):
    - Mockingjay/Core
  - Nimble (9.2.0)
  - Quick (2.2.0)
  - RxBlocking (5.0.0):
    - RxSwift (~> 5)
  - RxSwift (5.0.0)
  - RxTest (5.0.0):
    - RxSwift (~> 5)
  - URITemplate (3.0.1)

DEPENDENCIES:
  - ctkit (from `../`)
  - Mockingjay (from `https://github.com/kylef/Mockingjay.git`, branch `master`)
  - Nimble
  - Quick
  - RxBlocking
  - RxTest

SPEC REPOS:
  trunk:
    - Alamofire
    - AppAuth
    - Nimble
    - Quick
    - RxBlocking
    - RxSwift
    - RxTest
    - URITemplate

EXTERNAL SOURCES:
  ctkit:
    :path: "../"
  Mockingjay:
    :branch: master
    :git: https://github.com/kylef/Mockingjay.git

CHECKOUT OPTIONS:
  Mockingjay:
    :commit: b88c9dce2b7561cccbf35e2882b3c71a2efa387a
    :git: https://github.com/kylef/Mockingjay.git

SPEC CHECKSUMS:
  Alamofire: 85e8a02c69d6020a0d734f6054870d7ecb75cf18
  AppAuth: 31bcec809a638d7bd2f86ea8a52bd45f6e81e7c7
  ctkit: e827d467d806e92c84e4a4583915d1109a8d4891
  Mockingjay: 97656c6f59879923976a0a52ef09da45756cca82
  Nimble: 4f4a345c80b503b3ea13606a4f98405974ee4d0b
  Quick: 7fb19e13be07b5dfb3b90d4f9824c855a11af40e
  RxBlocking: c67185d26498ea3cbe3e121917c3c16739e43123
  RxSwift: 8b0671caa829a763bbce7271095859121cbd895f
  RxTest: 4349afe98f564e0a9bc19063368904622d17d49a
  URITemplate: 5f5a79f3e384884102c4e6b3325d159c20a8035a

PODFILE CHECKSUM: eef41f43c1e467ed146062e6f49cfa0b8b6f8d60

COCOAPODS: 1.11.2
