// !$*UTF8*$!
{
	archiveVersion = 1;
	classes = {
	};
	objectVersion = 46;
	objects = {

/* Begin PBXBuildFile section */
		075B735056BB779706F51C1E /* Pods_ctkit_Tests.framework in Frameworks */ = {isa = PBXBuildFile; fileRef = E623B3B1226190D69C9FEEE4 /* Pods_ctkit_Tests.framework */; };
		607FACD61AFB9204008FA782 /* AppDelegate.swift in Sources */ = {isa = PBXBuildFile; fileRef = 607FACD51AFB9204008FA782 /* AppDelegate.swift */; };
		607FACD81AFB9204008FA782 /* ViewController.swift in Sources */ = {isa = PBXBuildFile; fileRef = 607FACD71AFB9204008FA782 /* ViewController.swift */; };
		607FACDB1AFB9204008FA782 /* Main.storyboard in Resources */ = {isa = PBXBuildFile; fileRef = 607FACD91AFB9204008FA782 /* Main.storyboard */; };
		607FACDD1AFB9204008FA782 /* Images.xcassets in Resources */ = {isa = PBXBuildFile; fileRef = 607FACDC1AFB9204008FA782 /* Images.xcassets */; };
		607FACE01AFB9204008FA782 /* LaunchScreen.xib in Resources */ = {isa = PBXBuildFile; fileRef = 607FACDE1AFB9204008FA782 /* LaunchScreen.xib */; };
		855C5985217F533C00F6983D /* CTRideServiceTests.swift in Sources */ = {isa = PBXBuildFile; fileRef = 855C5984217F533C00F6983D /* CTRideServiceTests.swift */; };
		855C5987217F6D8500F6983D /* CTTheftCaseServiceTests.swift in Sources */ = {isa = PBXBuildFile; fileRef = 855C5986217F6D8500F6983D /* CTTheftCaseServiceTests.swift */; };
		8565CCBF21819ECD00D01486 /* geofence.json in Resources */ = {isa = PBXBuildFile; fileRef = 8565CCBD21819ECD00D01486 /* geofence.json */; };
		8565CCC021819ECD00D01486 /* geofenceList.json in Resources */ = {isa = PBXBuildFile; fileRef = 8565CCBE21819ECD00D01486 /* geofenceList.json */; };
		8565CCC52181A47100D01486 /* createGeofenceValidationError.json in Resources */ = {isa = PBXBuildFile; fileRef = 8565CCC42181A47100D01486 /* createGeofenceValidationError.json */; };
		8565CCC72181A7D200D01486 /* userAlreadyExists.json in Resources */ = {isa = PBXBuildFile; fileRef = 8565CCC62181A7D200D01486 /* userAlreadyExists.json */; };
		8565CCCA2181ACB300D01486 /* user.json in Resources */ = {isa = PBXBuildFile; fileRef = 8565CCC92181ACB300D01486 /* user.json */; };
		859D519D21723C350070DB69 /* CTGeofenceServiceTests.swift in Sources */ = {isa = PBXBuildFile; fileRef = 859D519C21723C350070DB69 /* CTGeofenceServiceTests.swift */; };
		85B6E93E218302EE00F44404 /* ridelist.json in Resources */ = {isa = PBXBuildFile; fileRef = 85B6E93C218302EE00F44404 /* ridelist.json */; };
		85B6E93F218302EE00F44404 /* ride.json in Resources */ = {isa = PBXBuildFile; fileRef = 85B6E93D218302EE00F44404 /* ride.json */; };
		85B6E945218351DB00F44404 /* RideTableViewController.swift in Sources */ = {isa = PBXBuildFile; fileRef = 85B6E944218351DB00F44404 /* RideTableViewController.swift */; };
		85D33A4C2181D9AE0097D7A7 /* theftcase.json in Resources */ = {isa = PBXBuildFile; fileRef = 85D33A4B2181D9AE0097D7A7 /* theftcase.json */; };
		85D33A4E2181DA120097D7A7 /* theftcaseList.json in Resources */ = {isa = PBXBuildFile; fileRef = 85D33A4D2181DA120097D7A7 /* theftcaseList.json */; };
		B57938623B24C4F138759C79 /* Pods_ctkit_Example.framework in Frameworks */ = {isa = PBXBuildFile; fileRef = 3C79E5626B08B9E0268AB37E /* Pods_ctkit_Example.framework */; };
		C02A3D9C21635B250010617A /* CreateAccountViewController.swift in Sources */ = {isa = PBXBuildFile; fileRef = C02A3D9B21635B250010617A /* CreateAccountViewController.swift */; };
		C02A3D9E21635EEB0010617A /* AccountViewController.swift in Sources */ = {isa = PBXBuildFile; fileRef = C02A3D9D21635EEB0010617A /* AccountViewController.swift */; };
		C02A3DA0216373660010617A /* LoadingViewController.swift in Sources */ = {isa = PBXBuildFile; fileRef = C02A3D9F216373660010617A /* LoadingViewController.swift */; };
		C02A3DA22163A1C40010617A /* BikeTableViewController.swift in Sources */ = {isa = PBXBuildFile; fileRef = C02A3DA12163A1C40010617A /* BikeTableViewController.swift */; };
		C0DF759021674E0900260751 /* GeofenceTableViewController.swift in Sources */ = {isa = PBXBuildFile; fileRef = C0DF758F21674E0900260751 /* GeofenceTableViewController.swift */; };
		C0E873682158DF5E001BAFFB /* CTUserServiceTests.swift in Sources */ = {isa = PBXBuildFile; fileRef = C0E873662158DF5E001BAFFB /* CTUserServiceTests.swift */; };
		C0EC37F7218079A100E7EAC4 /* createValidationError.json in Resources */ = {isa = PBXBuildFile; fileRef = C0EC37F52180792300E7EAC4 /* createValidationError.json */; };
		C0EC37FB2180AF0700E7EAC4 /* invalidEmailAndPassword.json in Resources */ = {isa = PBXBuildFile; fileRef = C0EC37FA2180AF0700E7EAC4 /* invalidEmailAndPassword.json */; };
		C0F071CE2179C1FB00FE08FE /* CTErrorHandlerTests.swift in Sources */ = {isa = PBXBuildFile; fileRef = C0F071CD2179C1FB00FE08FE /* CTErrorHandlerTests.swift */; };
/* End PBXBuildFile section */

/* Begin PBXContainerItemProxy section */
		607FACE61AFB9204008FA782 /* PBXContainerItemProxy */ = {
			isa = PBXContainerItemProxy;
			containerPortal = 607FACC81AFB9204008FA782 /* Project object */;
			proxyType = 1;
			remoteGlobalIDString = 607FACCF1AFB9204008FA782;
			remoteInfo = ctkit;
		};
/* End PBXContainerItemProxy section */

/* Begin PBXFileReference section */
		10D1B27B021E830CD5443360 /* Pods-ctkit_Tests.debug.xcconfig */ = {isa = PBXFileReference; includeInIndex = 1; lastKnownFileType = text.xcconfig; name = "Pods-ctkit_Tests.debug.xcconfig"; path = "Pods/Target Support Files/Pods-ctkit_Tests/Pods-ctkit_Tests.debug.xcconfig"; sourceTree = "<group>"; };
		3569C240343C780724FDE14B /* Pods-ctkit_Example.release.xcconfig */ = {isa = PBXFileReference; includeInIndex = 1; lastKnownFileType = text.xcconfig; name = "Pods-ctkit_Example.release.xcconfig"; path = "Pods/Target Support Files/Pods-ctkit_Example/Pods-ctkit_Example.release.xcconfig"; sourceTree = "<group>"; };
		3C79E5626B08B9E0268AB37E /* Pods_ctkit_Example.framework */ = {isa = PBXFileReference; explicitFileType = wrapper.framework; includeInIndex = 0; path = Pods_ctkit_Example.framework; sourceTree = BUILT_PRODUCTS_DIR; };
		5535CE0605CA21FBACD7DE9B /* LICENSE */ = {isa = PBXFileReference; includeInIndex = 1; lastKnownFileType = text; name = LICENSE; path = ../LICENSE; sourceTree = "<group>"; };
		607FACD01AFB9204008FA782 /* ctkit_Example.app */ = {isa = PBXFileReference; explicitFileType = wrapper.application; includeInIndex = 0; path = ctkit_Example.app; sourceTree = BUILT_PRODUCTS_DIR; };
		607FACD41AFB9204008FA782 /* Info.plist */ = {isa = PBXFileReference; lastKnownFileType = text.plist.xml; path = Info.plist; sourceTree = "<group>"; };
		607FACD51AFB9204008FA782 /* AppDelegate.swift */ = {isa = PBXFileReference; lastKnownFileType = sourcecode.swift; path = AppDelegate.swift; sourceTree = "<group>"; };
		607FACD71AFB9204008FA782 /* ViewController.swift */ = {isa = PBXFileReference; lastKnownFileType = sourcecode.swift; path = ViewController.swift; sourceTree = "<group>"; };
		607FACDA1AFB9204008FA782 /* Base */ = {isa = PBXFileReference; lastKnownFileType = file.storyboard; name = Base; path = Base.lproj/Main.storyboard; sourceTree = "<group>"; };
		607FACDC1AFB9204008FA782 /* Images.xcassets */ = {isa = PBXFileReference; lastKnownFileType = folder.assetcatalog; path = Images.xcassets; sourceTree = "<group>"; };
		607FACDF1AFB9204008FA782 /* Base */ = {isa = PBXFileReference; lastKnownFileType = file.xib; name = Base; path = Base.lproj/LaunchScreen.xib; sourceTree = "<group>"; };
		607FACE51AFB9204008FA782 /* ctkit_Tests.xctest */ = {isa = PBXFileReference; explicitFileType = wrapper.cfbundle; includeInIndex = 0; path = ctkit_Tests.xctest; sourceTree = BUILT_PRODUCTS_DIR; };
		6C3BCF536DE4A862F50071DD /* Pods-ctkit_Tests.release.xcconfig */ = {isa = PBXFileReference; includeInIndex = 1; lastKnownFileType = text.xcconfig; name = "Pods-ctkit_Tests.release.xcconfig"; path = "Pods/Target Support Files/Pods-ctkit_Tests/Pods-ctkit_Tests.release.xcconfig"; sourceTree = "<group>"; };
		6CA44E7F3150B084A4066032 /* Pods-ctkit_Example.debug.xcconfig */ = {isa = PBXFileReference; includeInIndex = 1; lastKnownFileType = text.xcconfig; name = "Pods-ctkit_Example.debug.xcconfig"; path = "Pods/Target Support Files/Pods-ctkit_Example/Pods-ctkit_Example.debug.xcconfig"; sourceTree = "<group>"; };
		855C5984217F533C00F6983D /* CTRideServiceTests.swift */ = {isa = PBXFileReference; lastKnownFileType = sourcecode.swift; path = CTRideServiceTests.swift; sourceTree = "<group>"; };
		855C5986217F6D8500F6983D /* CTTheftCaseServiceTests.swift */ = {isa = PBXFileReference; lastKnownFileType = sourcecode.swift; path = CTTheftCaseServiceTests.swift; sourceTree = "<group>"; };
		8565CCBD21819ECD00D01486 /* geofence.json */ = {isa = PBXFileReference; fileEncoding = 4; lastKnownFileType = text.json; path = geofence.json; sourceTree = "<group>"; };
		8565CCBE21819ECD00D01486 /* geofenceList.json */ = {isa = PBXFileReference; fileEncoding = 4; lastKnownFileType = text.json; path = geofenceList.json; sourceTree = "<group>"; };
		8565CCC42181A47100D01486 /* createGeofenceValidationError.json */ = {isa = PBXFileReference; fileEncoding = 4; lastKnownFileType = text.json; path = createGeofenceValidationError.json; sourceTree = "<group>"; };
		8565CCC62181A7D200D01486 /* userAlreadyExists.json */ = {isa = PBXFileReference; fileEncoding = 4; lastKnownFileType = text.json; path = userAlreadyExists.json; sourceTree = "<group>"; };
		8565CCC92181ACB300D01486 /* user.json */ = {isa = PBXFileReference; fileEncoding = 4; lastKnownFileType = text.json; path = user.json; sourceTree = "<group>"; };
		859D519C21723C350070DB69 /* CTGeofenceServiceTests.swift */ = {isa = PBXFileReference; lastKnownFileType = sourcecode.swift; path = CTGeofenceServiceTests.swift; sourceTree = "<group>"; };
		85B6E93C218302EE00F44404 /* ridelist.json */ = {isa = PBXFileReference; fileEncoding = 4; lastKnownFileType = text.json; path = ridelist.json; sourceTree = "<group>"; };
		85B6E93D218302EE00F44404 /* ride.json */ = {isa = PBXFileReference; fileEncoding = 4; lastKnownFileType = text.json; path = ride.json; sourceTree = "<group>"; };
		85B6E944218351DB00F44404 /* RideTableViewController.swift */ = {isa = PBXFileReference; lastKnownFileType = sourcecode.swift; path = RideTableViewController.swift; sourceTree = "<group>"; };
		85D33A4B2181D9AE0097D7A7 /* theftcase.json */ = {isa = PBXFileReference; fileEncoding = 4; lastKnownFileType = text.json; path = theftcase.json; sourceTree = "<group>"; };
		85D33A4D2181DA120097D7A7 /* theftcaseList.json */ = {isa = PBXFileReference; fileEncoding = 4; lastKnownFileType = text.json; path = theftcaseList.json; sourceTree = "<group>"; };
		AA81EECC2BEA5016338F8ACC /* ctkit.podspec */ = {isa = PBXFileReference; includeInIndex = 1; lastKnownFileType = text; name = ctkit.podspec; path = ../ctkit.podspec; sourceTree = "<group>"; xcLanguageSpecificationIdentifier = xcode.lang.ruby; };
		ABE31016D690DA6F44A7AF83 /* README.md */ = {isa = PBXFileReference; includeInIndex = 1; lastKnownFileType = net.daringfireball.markdown; name = README.md; path = ../README.md; sourceTree = "<group>"; };
		C02A3D9B21635B250010617A /* CreateAccountViewController.swift */ = {isa = PBXFileReference; lastKnownFileType = sourcecode.swift; path = CreateAccountViewController.swift; sourceTree = "<group>"; };
		C02A3D9D21635EEB0010617A /* AccountViewController.swift */ = {isa = PBXFileReference; lastKnownFileType = sourcecode.swift; path = AccountViewController.swift; sourceTree = "<group>"; };
		C02A3D9F216373660010617A /* LoadingViewController.swift */ = {isa = PBXFileReference; lastKnownFileType = sourcecode.swift; path = LoadingViewController.swift; sourceTree = "<group>"; };
		C02A3DA12163A1C40010617A /* BikeTableViewController.swift */ = {isa = PBXFileReference; lastKnownFileType = sourcecode.swift; path = BikeTableViewController.swift; sourceTree = "<group>"; };
		C04C0AAE21746E9B00F9ADE0 /* Info.plist */ = {isa = PBXFileReference; lastKnownFileType = text.plist.xml; path = Info.plist; sourceTree = "<group>"; };
		C0DF758F21674E0900260751 /* GeofenceTableViewController.swift */ = {isa = PBXFileReference; lastKnownFileType = sourcecode.swift; path = GeofenceTableViewController.swift; sourceTree = "<group>"; };
		C0E873662158DF5E001BAFFB /* CTUserServiceTests.swift */ = {isa = PBXFileReference; lastKnownFileType = sourcecode.swift; path = CTUserServiceTests.swift; sourceTree = "<group>"; };
		C0EC37F52180792300E7EAC4 /* createValidationError.json */ = {isa = PBXFileReference; lastKnownFileType = text.json; path = createValidationError.json; sourceTree = "<group>"; };
		C0EC37FA2180AF0700E7EAC4 /* invalidEmailAndPassword.json */ = {isa = PBXFileReference; lastKnownFileType = text.json; path = invalidEmailAndPassword.json; sourceTree = "<group>"; };
		C0F071CD2179C1FB00FE08FE /* CTErrorHandlerTests.swift */ = {isa = PBXFileReference; lastKnownFileType = sourcecode.swift; path = CTErrorHandlerTests.swift; sourceTree = "<group>"; };
		E623B3B1226190D69C9FEEE4 /* Pods_ctkit_Tests.framework */ = {isa = PBXFileReference; explicitFileType = wrapper.framework; includeInIndex = 0; path = Pods_ctkit_Tests.framework; sourceTree = BUILT_PRODUCTS_DIR; };
/* End PBXFileReference section */

/* Begin PBXFrameworksBuildPhase section */
		607FACCD1AFB9204008FA782 /* Frameworks */ = {
			isa = PBXFrameworksBuildPhase;
			buildActionMask = 2147483647;
			files = (
				B57938623B24C4F138759C79 /* Pods_ctkit_Example.framework in Frameworks */,
			);
			runOnlyForDeploymentPostprocessing = 0;
		};
		607FACE21AFB9204008FA782 /* Frameworks */ = {
			isa = PBXFrameworksBuildPhase;
			buildActionMask = 2147483647;
			files = (
				075B735056BB779706F51C1E /* Pods_ctkit_Tests.framework in Frameworks */,
			);
			runOnlyForDeploymentPostprocessing = 0;
		};
/* End PBXFrameworksBuildPhase section */

/* Begin PBXGroup section */
		22FAD8D38C33443FDC4819C7 /* Frameworks */ = {
			isa = PBXGroup;
			children = (
				3C79E5626B08B9E0268AB37E /* Pods_ctkit_Example.framework */,
				E623B3B1226190D69C9FEEE4 /* Pods_ctkit_Tests.framework */,
			);
			name = Frameworks;
			sourceTree = "<group>";
		};
		607FACC71AFB9204008FA782 = {
			isa = PBXGroup;
			children = (
				607FACF51AFB993E008FA782 /* Podspec Metadata */,
				607FACD21AFB9204008FA782 /* Example for ctkit */,
				607FACE81AFB9204008FA782 /* Tests */,
				607FACD11AFB9204008FA782 /* Products */,
				FF80AE8E324336919CCFF92F /* Pods */,
				22FAD8D38C33443FDC4819C7 /* Frameworks */,
			);
			sourceTree = "<group>";
		};
		607FACD11AFB9204008FA782 /* Products */ = {
			isa = PBXGroup;
			children = (
				607FACD01AFB9204008FA782 /* ctkit_Example.app */,
				607FACE51AFB9204008FA782 /* ctkit_Tests.xctest */,
			);
			name = Products;
			sourceTree = "<group>";
		};
		607FACD21AFB9204008FA782 /* Example for ctkit */ = {
			isa = PBXGroup;
			children = (
				607FACD51AFB9204008FA782 /* AppDelegate.swift */,
				607FACD71AFB9204008FA782 /* ViewController.swift */,
				C02A3D9B21635B250010617A /* CreateAccountViewController.swift */,
				607FACD91AFB9204008FA782 /* Main.storyboard */,
				607FACDC1AFB9204008FA782 /* Images.xcassets */,
				607FACDE1AFB9204008FA782 /* LaunchScreen.xib */,
				607FACD31AFB9204008FA782 /* Supporting Files */,
				C02A3D9D21635EEB0010617A /* AccountViewController.swift */,
				C02A3D9F216373660010617A /* LoadingViewController.swift */,
				C02A3DA12163A1C40010617A /* BikeTableViewController.swift */,
				C0DF758F21674E0900260751 /* GeofenceTableViewController.swift */,
				85B6E944218351DB00F44404 /* RideTableViewController.swift */,
			);
			name = "Example for ctkit";
			path = ctkit;
			sourceTree = "<group>";
		};
		607FACD31AFB9204008FA782 /* Supporting Files */ = {
			isa = PBXGroup;
			children = (
				607FACD41AFB9204008FA782 /* Info.plist */,
			);
			name = "Supporting Files";
			sourceTree = "<group>";
		};
		607FACE81AFB9204008FA782 /* Tests */ = {
			isa = PBXGroup;
			children = (
				8565CCBB21819ECD00D01486 /* Resources */,
				C0EC37F3218078F500E7EAC4 /* Responses */,
				C0E873662158DF5E001BAFFB /* CTUserServiceTests.swift */,
				859D519C21723C350070DB69 /* CTGeofenceServiceTests.swift */,
				C04C0AAE21746E9B00F9ADE0 /* Info.plist */,
				C0F071CD2179C1FB00FE08FE /* CTErrorHandlerTests.swift */,
				855C5984217F533C00F6983D /* CTRideServiceTests.swift */,
				855C5986217F6D8500F6983D /* CTTheftCaseServiceTests.swift */,
			);
			path = Tests;
			sourceTree = "<group>";
		};
		607FACF51AFB993E008FA782 /* Podspec Metadata */ = {
			isa = PBXGroup;
			children = (
				AA81EECC2BEA5016338F8ACC /* ctkit.podspec */,
				ABE31016D690DA6F44A7AF83 /* README.md */,
				5535CE0605CA21FBACD7DE9B /* LICENSE */,
			);
			name = "Podspec Metadata";
			sourceTree = "<group>";
		};
		8565CCBB21819ECD00D01486 /* Resources */ = {
			isa = PBXGroup;
			children = (
				85B6E93B2183029C00F44404 /* ride */,
				85D33A4A2181D9860097D7A7 /* theftcase */,
				8565CCC82181AC0C00D01486 /* user */,
				8565CCBC21819ECD00D01486 /* geofence */,
			);
			path = Resources;
			sourceTree = "<group>";
		};
		8565CCBC21819ECD00D01486 /* geofence */ = {
			isa = PBXGroup;
			children = (
				8565CCBD21819ECD00D01486 /* geofence.json */,
				8565CCBE21819ECD00D01486 /* geofenceList.json */,
			);
			path = geofence;
			sourceTree = "<group>";
		};
		8565CCC12181A3A000D01486 /* CTGeofenceService */ = {
			isa = PBXGroup;
			children = (
				8565CCC42181A47100D01486 /* createGeofenceValidationError.json */,
			);
			path = CTGeofenceService;
			sourceTree = "<group>";
		};
		8565CCC82181AC0C00D01486 /* user */ = {
			isa = PBXGroup;
			children = (
				8565CCC92181ACB300D01486 /* user.json */,
			);
			path = user;
			sourceTree = "<group>";
		};
		85B6E93B2183029C00F44404 /* ride */ = {
			isa = PBXGroup;
			children = (
				85B6E93D218302EE00F44404 /* ride.json */,
				85B6E93C218302EE00F44404 /* ridelist.json */,
			);
			path = ride;
			sourceTree = "<group>";
		};
		85D33A4A2181D9860097D7A7 /* theftcase */ = {
			isa = PBXGroup;
			children = (
				85D33A4D2181DA120097D7A7 /* theftcaseList.json */,
				85D33A4B2181D9AE0097D7A7 /* theftcase.json */,
			);
			path = theftcase;
			sourceTree = "<group>";
		};
		C0EC37F3218078F500E7EAC4 /* Responses */ = {
			isa = PBXGroup;
			children = (
				8565CCC12181A3A000D01486 /* CTGeofenceService */,
				C0EC37F42180790000E7EAC4 /* CTUserService */,
			);
			path = Responses;
			sourceTree = "<group>";
		};
		C0EC37F42180790000E7EAC4 /* CTUserService */ = {
			isa = PBXGroup;
			children = (
				C0EC37F52180792300E7EAC4 /* createValidationError.json */,
				8565CCC62181A7D200D01486 /* userAlreadyExists.json */,
				C0EC37FA2180AF0700E7EAC4 /* invalidEmailAndPassword.json */,
			);
			path = CTUserService;
			sourceTree = "<group>";
		};
		FF80AE8E324336919CCFF92F /* Pods */ = {
			isa = PBXGroup;
			children = (
				6CA44E7F3150B084A4066032 /* Pods-ctkit_Example.debug.xcconfig */,
				3569C240343C780724FDE14B /* Pods-ctkit_Example.release.xcconfig */,
				10D1B27B021E830CD5443360 /* Pods-ctkit_Tests.debug.xcconfig */,
				6C3BCF536DE4A862F50071DD /* Pods-ctkit_Tests.release.xcconfig */,
			);
			name = Pods;
			sourceTree = "<group>";
		};
/* End PBXGroup section */

/* Begin PBXNativeTarget section */
		607FACCF1AFB9204008FA782 /* ctkit_Example */ = {
			isa = PBXNativeTarget;
			buildConfigurationList = 607FACEF1AFB9204008FA782 /* Build configuration list for PBXNativeTarget "ctkit_Example" */;
			buildPhases = (
				19BD8E1F496758C4580F1EEA /* [CP] Check Pods Manifest.lock */,
				607FACCC1AFB9204008FA782 /* Sources */,
				607FACCD1AFB9204008FA782 /* Frameworks */,
				607FACCE1AFB9204008FA782 /* Resources */,
				BB21517EB18E7CE30AAEE3B2 /* [CP] Embed Pods Frameworks */,
			);
			buildRules = (
			);
			dependencies = (
			);
			name = ctkit_Example;
			productName = ctkit;
			productReference = 607FACD01AFB9204008FA782 /* ctkit_Example.app */;
			productType = "com.apple.product-type.application";
		};
		607FACE41AFB9204008FA782 /* ctkit_Tests */ = {
			isa = PBXNativeTarget;
			buildConfigurationList = 607FACF21AFB9204008FA782 /* Build configuration list for PBXNativeTarget "ctkit_Tests" */;
			buildPhases = (
				929F7787DDB8612D3E5CC5E2 /* [CP] Check Pods Manifest.lock */,
				607FACE11AFB9204008FA782 /* Sources */,
				607FACE21AFB9204008FA782 /* Frameworks */,
				607FACE31AFB9204008FA782 /* Resources */,
				9D5E9DC170B2D22FABAC0586 /* [CP] Embed Pods Frameworks */,
			);
			buildRules = (
			);
			dependencies = (
				607FACE71AFB9204008FA782 /* PBXTargetDependency */,
			);
			name = ctkit_Tests;
			productName = Tests;
			productReference = 607FACE51AFB9204008FA782 /* ctkit_Tests.xctest */;
			productType = "com.apple.product-type.bundle.unit-test";
		};
/* End PBXNativeTarget section */

/* Begin PBXProject section */
		607FACC81AFB9204008FA782 /* Project object */ = {
			isa = PBXProject;
			attributes = {
				LastSwiftUpdateCheck = 0830;
				LastUpgradeCheck = 0830;
				ORGANIZATIONNAME = CocoaPods;
				TargetAttributes = {
					607FACCF1AFB9204008FA782 = {
						CreatedOnToolsVersion = 6.3.1;
						DevelopmentTeam = PHFR6RN8YP;
						LastSwiftMigration = 0900;
					};
					607FACE41AFB9204008FA782 = {
						CreatedOnToolsVersion = 6.3.1;
						LastSwiftMigration = 0900;
						TestTargetID = 607FACCF1AFB9204008FA782;
					};
				};
			};
			buildConfigurationList = 607FACCB1AFB9204008FA782 /* Build configuration list for PBXProject "ctkit" */;
			compatibilityVersion = "Xcode 3.2";
			developmentRegion = English;
			hasScannedForEncodings = 0;
			knownRegions = (
				en,
				Base,
			);
			mainGroup = 607FACC71AFB9204008FA782;
			productRefGroup = 607FACD11AFB9204008FA782 /* Products */;
			projectDirPath = "";
			projectRoot = "";
			targets = (
				607FACCF1AFB9204008FA782 /* ctkit_Example */,
				607FACE41AFB9204008FA782 /* ctkit_Tests */,
			);
		};
/* End PBXProject section */

/* Begin PBXResourcesBuildPhase section */
		607FACCE1AFB9204008FA782 /* Resources */ = {
			isa = PBXResourcesBuildPhase;
			buildActionMask = 2147483647;
			files = (
				607FACDB1AFB9204008FA782 /* Main.storyboard in Resources */,
				607FACE01AFB9204008FA782 /* LaunchScreen.xib in Resources */,
				607FACDD1AFB9204008FA782 /* Images.xcassets in Resources */,
			);
			runOnlyForDeploymentPostprocessing = 0;
		};
		607FACE31AFB9204008FA782 /* Resources */ = {
			isa = PBXResourcesBuildPhase;
			buildActionMask = 2147483647;
			files = (
				8565CCCA2181ACB300D01486 /* user.json in Resources */,
				C0EC37F7218079A100E7EAC4 /* createValidationError.json in Resources */,
				8565CCC72181A7D200D01486 /* userAlreadyExists.json in Resources */,
				8565CCC52181A47100D01486 /* createGeofenceValidationError.json in Resources */,
				8565CCC021819ECD00D01486 /* geofenceList.json in Resources */,
				85B6E93E218302EE00F44404 /* ridelist.json in Resources */,
				85D33A4C2181D9AE0097D7A7 /* theftcase.json in Resources */,
				C0EC37FB2180AF0700E7EAC4 /* invalidEmailAndPassword.json in Resources */,
				85D33A4E2181DA120097D7A7 /* theftcaseList.json in Resources */,
				8565CCBF21819ECD00D01486 /* geofence.json in Resources */,
				85B6E93F218302EE00F44404 /* ride.json in Resources */,
			);
			runOnlyForDeploymentPostprocessing = 0;
		};
/* End PBXResourcesBuildPhase section */

/* Begin PBXShellScriptBuildPhase section */
		19BD8E1F496758C4580F1EEA /* [CP] Check Pods Manifest.lock */ = {
			isa = PBXShellScriptBuildPhase;
			buildActionMask = 2147483647;
			files = (
			);
			inputPaths = (
				"${PODS_PODFILE_DIR_PATH}/Podfile.lock",
				"${PODS_ROOT}/Manifest.lock",
			);
			name = "[CP] Check Pods Manifest.lock";
			outputPaths = (
				"$(DERIVED_FILE_DIR)/Pods-ctkit_Example-checkManifestLockResult.txt",
			);
			runOnlyForDeploymentPostprocessing = 0;
			shellPath = /bin/sh;
			shellScript = "diff \"${PODS_PODFILE_DIR_PATH}/Podfile.lock\" \"${PODS_ROOT}/Manifest.lock\" > /dev/null\nif [ $? != 0 ] ; then\n    # print error to STDERR\n    echo \"error: The sandbox is not in sync with the Podfile.lock. Run 'pod install' or update your CocoaPods installation.\" >&2\n    exit 1\nfi\n# This output is used by Xcode 'outputs' to avoid re-running this script phase.\necho \"SUCCESS\" > \"${SCRIPT_OUTPUT_FILE_0}\"\n";
			showEnvVarsInLog = 0;
		};
		929F7787DDB8612D3E5CC5E2 /* [CP] Check Pods Manifest.lock */ = {
			isa = PBXShellScriptBuildPhase;
			buildActionMask = 2147483647;
			files = (
			);
			inputPaths = (
				"${PODS_PODFILE_DIR_PATH}/Podfile.lock",
				"${PODS_ROOT}/Manifest.lock",
			);
			name = "[CP] Check Pods Manifest.lock";
			outputPaths = (
				"$(DERIVED_FILE_DIR)/Pods-ctkit_Tests-checkManifestLockResult.txt",
			);
			runOnlyForDeploymentPostprocessing = 0;
			shellPath = /bin/sh;
			shellScript = "diff \"${PODS_PODFILE_DIR_PATH}/Podfile.lock\" \"${PODS_ROOT}/Manifest.lock\" > /dev/null\nif [ $? != 0 ] ; then\n    # print error to STDERR\n    echo \"error: The sandbox is not in sync with the Podfile.lock. Run 'pod install' or update your CocoaPods installation.\" >&2\n    exit 1\nfi\n# This output is used by Xcode 'outputs' to avoid re-running this script phase.\necho \"SUCCESS\" > \"${SCRIPT_OUTPUT_FILE_0}\"\n";
			showEnvVarsInLog = 0;
		};
		9D5E9DC170B2D22FABAC0586 /* [CP] Embed Pods Frameworks */ = {
			isa = PBXShellScriptBuildPhase;
			buildActionMask = 2147483647;
			files = (
			);
			inputPaths = (
				"${SRCROOT}/Pods/Target Support Files/Pods-ctkit_Tests/Pods-ctkit_Tests-frameworks.sh",
				"${BUILT_PRODUCTS_DIR}/RxSwift/RxSwift.framework",
				"${BUILT_PRODUCTS_DIR}/Mockingjay/Mockingjay.framework",
				"${BUILT_PRODUCTS_DIR}/Nimble/Nimble.framework",
				"${BUILT_PRODUCTS_DIR}/Quick/Quick.framework",
				"${BUILT_PRODUCTS_DIR}/RxBlocking/RxBlocking.framework",
				"${BUILT_PRODUCTS_DIR}/RxTest/RxTest.framework",
				"${BUILT_PRODUCTS_DIR}/URITemplate/URITemplate.framework",
			);
			name = "[CP] Embed Pods Frameworks";
			outputPaths = (
				"${TARGET_BUILD_DIR}/${FRAMEWORKS_FOLDER_PATH}/RxSwift.framework",
				"${TARGET_BUILD_DIR}/${FRAMEWORKS_FOLDER_PATH}/Mockingjay.framework",
				"${TARGET_BUILD_DIR}/${FRAMEWORKS_FOLDER_PATH}/Nimble.framework",
				"${TARGET_BUILD_DIR}/${FRAMEWORKS_FOLDER_PATH}/Quick.framework",
				"${TARGET_BUILD_DIR}/${FRAMEWORKS_FOLDER_PATH}/RxBlocking.framework",
				"${TARGET_BUILD_DIR}/${FRAMEWORKS_FOLDER_PATH}/RxTest.framework",
				"${TARGET_BUILD_DIR}/${FRAMEWORKS_FOLDER_PATH}/URITemplate.framework",
			);
			runOnlyForDeploymentPostprocessing = 0;
			shellPath = /bin/sh;
			shellScript = "\"${SRCROOT}/Pods/Target Support Files/Pods-ctkit_Tests/Pods-ctkit_Tests-frameworks.sh\"\n";
			showEnvVarsInLog = 0;
		};
		BB21517EB18E7CE30AAEE3B2 /* [CP] Embed Pods Frameworks */ = {
			isa = PBXShellScriptBuildPhase;
			buildActionMask = 2147483647;
			files = (
			);
			inputPaths = (
				"${SRCROOT}/Pods/Target Support Files/Pods-ctkit_Example/Pods-ctkit_Example-frameworks.sh",
				"${BUILT_PRODUCTS_DIR}/Alamofire/Alamofire.framework",
				"${BUILT_PRODUCTS_DIR}/RxSwift/RxSwift.framework",
				"${BUILT_PRODUCTS_DIR}/ctkit/ctkit.framework",
			);
			name = "[CP] Embed Pods Frameworks";
			outputPaths = (
				"${TARGET_BUILD_DIR}/${FRAMEWORKS_FOLDER_PATH}/Alamofire.framework",
				"${TARGET_BUILD_DIR}/${FRAMEWORKS_FOLDER_PATH}/RxSwift.framework",
				"${TARGET_BUILD_DIR}/${FRAMEWORKS_FOLDER_PATH}/ctkit.framework",
			);
			runOnlyForDeploymentPostprocessing = 0;
			shellPath = /bin/sh;
			shellScript = "\"${SRCROOT}/Pods/Target Support Files/Pods-ctkit_Example/Pods-ctkit_Example-frameworks.sh\"\n";
			showEnvVarsInLog = 0;
		};
/* End PBXShellScriptBuildPhase section */

/* Begin PBXSourcesBuildPhase section */
		607FACCC1AFB9204008FA782 /* Sources */ = {
			isa = PBXSourcesBuildPhase;
			buildActionMask = 2147483647;
			files = (
				C02A3DA22163A1C40010617A /* BikeTableViewController.swift in Sources */,
				C02A3D9C21635B250010617A /* CreateAccountViewController.swift in Sources */,
				607FACD81AFB9204008FA782 /* ViewController.swift in Sources */,
				85B6E945218351DB00F44404 /* RideTableViewController.swift in Sources */,
				C02A3DA0216373660010617A /* LoadingViewController.swift in Sources */,
				C02A3D9E21635EEB0010617A /* AccountViewController.swift in Sources */,
				C0DF759021674E0900260751 /* GeofenceTableViewController.swift in Sources */,
				607FACD61AFB9204008FA782 /* AppDelegate.swift in Sources */,
			);
			runOnlyForDeploymentPostprocessing = 0;
		};
		607FACE11AFB9204008FA782 /* Sources */ = {
			isa = PBXSourcesBuildPhase;
			buildActionMask = 2147483647;
			files = (
				C0E873682158DF5E001BAFFB /* CTUserServiceTests.swift in Sources */,
				855C5987217F6D8500F6983D /* CTTheftCaseServiceTests.swift in Sources */,
				C0F071CE2179C1FB00FE08FE /* CTErrorHandlerTests.swift in Sources */,
				859D519D21723C350070DB69 /* CTGeofenceServiceTests.swift in Sources */,
				855C5985217F533C00F6983D /* CTRideServiceTests.swift in Sources */,
			);
			runOnlyForDeploymentPostprocessing = 0;
		};
/* End PBXSourcesBuildPhase section */

/* Begin PBXTargetDependency section */
		607FACE71AFB9204008FA782 /* PBXTargetDependency */ = {
			isa = PBXTargetDependency;
			target = 607FACCF1AFB9204008FA782 /* ctkit_Example */;
			targetProxy = 607FACE61AFB9204008FA782 /* PBXContainerItemProxy */;
		};
/* End PBXTargetDependency section */

/* Begin PBXVariantGroup section */
		607FACD91AFB9204008FA782 /* Main.storyboard */ = {
			isa = PBXVariantGroup;
			children = (
				607FACDA1AFB9204008FA782 /* Base */,
			);
			name = Main.storyboard;
			sourceTree = "<group>";
		};
		607FACDE1AFB9204008FA782 /* LaunchScreen.xib */ = {
			isa = PBXVariantGroup;
			children = (
				607FACDF1AFB9204008FA782 /* Base */,
			);
			name = LaunchScreen.xib;
			sourceTree = "<group>";
		};
/* End PBXVariantGroup section */

/* Begin XCBuildConfiguration section */
		607FACED1AFB9204008FA782 /* Debug */ = {
			isa = XCBuildConfiguration;
			buildSettings = {
				ALWAYS_SEARCH_USER_PATHS = NO;
				CLANG_CXX_LANGUAGE_STANDARD = "gnu++0x";
				CLANG_CXX_LIBRARY = "libc++";
				CLANG_ENABLE_MODULES = YES;
				CLANG_ENABLE_OBJC_ARC = YES;
				CLANG_WARN_BLOCK_CAPTURE_AUTORELEASING = YES;
				CLANG_WARN_BOOL_CONVERSION = YES;
				CLANG_WARN_COMMA = YES;
				CLANG_WARN_CONSTANT_CONVERSION = YES;
				CLANG_WARN_DIRECT_OBJC_ISA_USAGE = YES_ERROR;
				CLANG_WARN_EMPTY_BODY = YES;
				CLANG_WARN_ENUM_CONVERSION = YES;
				CLANG_WARN_INFINITE_RECURSION = YES;
				CLANG_WARN_INT_CONVERSION = YES;
				CLANG_WARN_NON_LITERAL_NULL_CONVERSION = YES;
				CLANG_WARN_OBJC_LITERAL_CONVERSION = YES;
				CLANG_WARN_OBJC_ROOT_CLASS = YES_ERROR;
				CLANG_WARN_RANGE_LOOP_ANALYSIS = YES;
				CLANG_WARN_STRICT_PROTOTYPES = YES;
				CLANG_WARN_SUSPICIOUS_MOVE = YES;
				CLANG_WARN_UNREACHABLE_CODE = YES;
				CLANG_WARN__DUPLICATE_METHOD_MATCH = YES;
				"CODE_SIGN_IDENTITY[sdk=iphoneos*]" = "iPhone Developer";
				COPY_PHASE_STRIP = NO;
				DEBUG_INFORMATION_FORMAT = "dwarf-with-dsym";
				ENABLE_STRICT_OBJC_MSGSEND = YES;
				ENABLE_TESTABILITY = YES;
				GCC_C_LANGUAGE_STANDARD = gnu99;
				GCC_DYNAMIC_NO_PIC = NO;
				GCC_NO_COMMON_BLOCKS = YES;
				GCC_OPTIMIZATION_LEVEL = 0;
				GCC_PREPROCESSOR_DEFINITIONS = (
					"DEBUG=1",
					"$(inherited)",
				);
				GCC_SYMBOLS_PRIVATE_EXTERN = NO;
				GCC_WARN_64_TO_32_BIT_CONVERSION = YES;
				GCC_WARN_ABOUT_RETURN_TYPE = YES_ERROR;
				GCC_WARN_UNDECLARED_SELECTOR = YES;
				GCC_WARN_UNINITIALIZED_AUTOS = YES_AGGRESSIVE;
				GCC_WARN_UNUSED_FUNCTION = YES;
				GCC_WARN_UNUSED_VARIABLE = YES;
				IPHONEOS_DEPLOYMENT_TARGET = 9.3;
				MTL_ENABLE_DEBUG_INFO = YES;
				ONLY_ACTIVE_ARCH = YES;
				SDKROOT = iphoneos;
				SWIFT_COMPILATION_MODE = wholemodule;
				SWIFT_OPTIMIZATION_LEVEL = "-Onone";
			};
			name = Debug;
		};
		607FACEE1AFB9204008FA782 /* Release */ = {
			isa = XCBuildConfiguration;
			buildSettings = {
				ALWAYS_SEARCH_USER_PATHS = NO;
				CLANG_CXX_LANGUAGE_STANDARD = "gnu++0x";
				CLANG_CXX_LIBRARY = "libc++";
				CLANG_ENABLE_MODULES = YES;
				CLANG_ENABLE_OBJC_ARC = YES;
				CLANG_WARN_BLOCK_CAPTURE_AUTORELEASING = YES;
				CLANG_WARN_BOOL_CONVERSION = YES;
				CLANG_WARN_COMMA = YES;
				CLANG_WARN_CONSTANT_CONVERSION = YES;
				CLANG_WARN_DIRECT_OBJC_ISA_USAGE = YES_ERROR;
				CLANG_WARN_EMPTY_BODY = YES;
				CLANG_WARN_ENUM_CONVERSION = YES;
				CLANG_WARN_INFINITE_RECURSION = YES;
				CLANG_WARN_INT_CONVERSION = YES;
				CLANG_WARN_NON_LITERAL_NULL_CONVERSION = YES;
				CLANG_WARN_OBJC_LITERAL_CONVERSION = YES;
				CLANG_WARN_OBJC_ROOT_CLASS = YES_ERROR;
				CLANG_WARN_RANGE_LOOP_ANALYSIS = YES;
				CLANG_WARN_STRICT_PROTOTYPES = YES;
				CLANG_WARN_SUSPICIOUS_MOVE = YES;
				CLANG_WARN_UNREACHABLE_CODE = YES;
				CLANG_WARN__DUPLICATE_METHOD_MATCH = YES;
				"CODE_SIGN_IDENTITY[sdk=iphoneos*]" = "iPhone Developer";
				COPY_PHASE_STRIP = NO;
				DEBUG_INFORMATION_FORMAT = "dwarf-with-dsym";
				ENABLE_NS_ASSERTIONS = NO;
				ENABLE_STRICT_OBJC_MSGSEND = YES;
				GCC_C_LANGUAGE_STANDARD = gnu99;
				GCC_NO_COMMON_BLOCKS = YES;
				GCC_WARN_64_TO_32_BIT_CONVERSION = YES;
				GCC_WARN_ABOUT_RETURN_TYPE = YES_ERROR;
				GCC_WARN_UNDECLARED_SELECTOR = YES;
				GCC_WARN_UNINITIALIZED_AUTOS = YES_AGGRESSIVE;
				GCC_WARN_UNUSED_FUNCTION = YES;
				GCC_WARN_UNUSED_VARIABLE = YES;
				IPHONEOS_DEPLOYMENT_TARGET = 9.3;
				MTL_ENABLE_DEBUG_INFO = NO;
				SDKROOT = iphoneos;
				SWIFT_OPTIMIZATION_LEVEL = "-Owholemodule";
				VALIDATE_PRODUCT = YES;
			};
			name = Release;
		};
		607FACF01AFB9204008FA782 /* Debug */ = {
			isa = XCBuildConfiguration;
			baseConfigurationReference = 6CA44E7F3150B084A4066032 /* Pods-ctkit_Example.debug.xcconfig */;
			buildSettings = {
				ASSETCATALOG_COMPILER_APPICON_NAME = AppIcon;
				DEVELOPMENT_TEAM = PHFR6RN8YP;
				INFOPLIST_FILE = ctkit/Info.plist;
				LD_RUNPATH_SEARCH_PATHS = "$(inherited) @executable_path/Frameworks";
				MODULE_NAME = ExampleApp;
				PRODUCT_BUNDLE_IDENTIFIER = "org.cocoapods.demo.$(PRODUCT_NAME:rfc1034identifier)";
				PRODUCT_NAME = "$(TARGET_NAME)";
				SWIFT_SWIFT3_OBJC_INFERENCE = Default;
				SWIFT_VERSION = 4.0;
			};
			name = Debug;
		};
		607FACF11AFB9204008FA782 /* Release */ = {
			isa = XCBuildConfiguration;
			baseConfigurationReference = 3569C240343C780724FDE14B /* Pods-ctkit_Example.release.xcconfig */;
			buildSettings = {
				ASSETCATALOG_COMPILER_APPICON_NAME = AppIcon;
				DEVELOPMENT_TEAM = PHFR6RN8YP;
				INFOPLIST_FILE = ctkit/Info.plist;
				LD_RUNPATH_SEARCH_PATHS = "$(inherited) @executable_path/Frameworks";
				MODULE_NAME = ExampleApp;
				PRODUCT_BUNDLE_IDENTIFIER = "org.cocoapods.demo.$(PRODUCT_NAME:rfc1034identifier)";
				PRODUCT_NAME = "$(TARGET_NAME)";
				SWIFT_SWIFT3_OBJC_INFERENCE = Default;
				SWIFT_VERSION = 4.0;
			};
			name = Release;
		};
		607FACF31AFB9204008FA782 /* Debug */ = {
			isa = XCBuildConfiguration;
			baseConfigurationReference = 10D1B27B021E830CD5443360 /* Pods-ctkit_Tests.debug.xcconfig */;
			buildSettings = {
				FRAMEWORK_SEARCH_PATHS = (
					"$(SDKROOT)/Developer/Library/Frameworks",
					"$(inherited)",
				);
				GCC_PREPROCESSOR_DEFINITIONS = (
					"DEBUG=1",
					"$(inherited)",
				);
				INFOPLIST_FILE = Tests/Info.plist;
				LD_RUNPATH_SEARCH_PATHS = "$(inherited) @executable_path/Frameworks @loader_path/Frameworks";
				PRODUCT_BUNDLE_IDENTIFIER = "org.cocoapods.$(PRODUCT_NAME:rfc1034identifier)";
				PRODUCT_NAME = "$(TARGET_NAME)";
				SWIFT_SWIFT3_OBJC_INFERENCE = Default;
				SWIFT_VERSION = 4.0;
				TEST_HOST = "$(BUILT_PRODUCTS_DIR)/ctkit_Example.app/ctkit_Example";
			};
			name = Debug;
		};
		607FACF41AFB9204008FA782 /* Release */ = {
			isa = XCBuildConfiguration;
			baseConfigurationReference = 6C3BCF536DE4A862F50071DD /* Pods-ctkit_Tests.release.xcconfig */;
			buildSettings = {
				FRAMEWORK_SEARCH_PATHS = (
					"$(SDKROOT)/Developer/Library/Frameworks",
					"$(inherited)",
				);
				INFOPLIST_FILE = Tests/Info.plist;
				LD_RUNPATH_SEARCH_PATHS = "$(inherited) @executable_path/Frameworks @loader_path/Frameworks";
				PRODUCT_BUNDLE_IDENTIFIER = "org.cocoapods.$(PRODUCT_NAME:rfc1034identifier)";
				PRODUCT_NAME = "$(TARGET_NAME)";
				SWIFT_SWIFT3_OBJC_INFERENCE = Default;
				SWIFT_VERSION = 4.0;
				TEST_HOST = "$(BUILT_PRODUCTS_DIR)/ctkit_Example.app/ctkit_Example";
			};
			name = Release;
		};
/* End XCBuildConfiguration section */

/* Begin XCConfigurationList section */
		607FACCB1AFB9204008FA782 /* Build configuration list for PBXProject "ctkit" */ = {
			isa = XCConfigurationList;
			buildConfigurations = (
				607FACED1AFB9204008FA782 /* Debug */,
				607FACEE1AFB9204008FA782 /* Release */,
			);
			defaultConfigurationIsVisible = 0;
			defaultConfigurationName = Release;
		};
		607FACEF1AFB9204008FA782 /* Build configuration list for PBXNativeTarget "ctkit_Example" */ = {
			isa = XCConfigurationList;
			buildConfigurations = (
				607FACF01AFB9204008FA782 /* Debug */,
				607FACF11AFB9204008FA782 /* Release */,
			);
			defaultConfigurationIsVisible = 0;
			defaultConfigurationName = Release;
		};
		607FACF21AFB9204008FA782 /* Build configuration list for PBXNativeTarget "ctkit_Tests" */ = {
			isa = XCConfigurationList;
			buildConfigurations = (
				607FACF31AFB9204008FA782 /* Debug */,
				607FACF41AFB9204008FA782 /* Release */,
			);
			defaultConfigurationIsVisible = 0;
			defaultConfigurationName = Release;
		};
/* End XCConfigurationList section */
	};
	rootObject = 607FACC81AFB9204008FA782 /* Project object */;
}
