// !$*UTF8*$!
{
	archiveVersion = 1;
	classes = {
	};
	objectVersion = 46;
	objects = {

/* Begin PBXBuildFile section */
		1B388F8863853ED0CE73ECBC /* Pods_ctkit_Tests.framework in Frameworks */ = {isa = PBXBuildFile; fileRef = 70F2EEE74B45058C24E152D3 /* Pods_ctkit_Tests.framework */; };
		3EF5E19745594071E4F51AE3 /* Pods_ctkit_Example.framework in Frameworks */ = {isa = PBXBuildFile; fileRef = 592B2B9F0C5FFD5AAAA08D47 /* Pods_ctkit_Example.framework */; };
		607FACD61AFB9204008FA782 /* AppDelegate.swift in Sources */ = {isa = PBXBuildFile; fileRef = 607FACD51AFB9204008FA782 /* AppDelegate.swift */; };
		607FACD81AFB9204008FA782 /* ViewController.swift in Sources */ = {isa = PBXBuildFile; fileRef = 607FACD71AFB9204008FA782 /* ViewController.swift */; };
		607FACDB1AFB9204008FA782 /* Main.storyboard in Resources */ = {isa = PBXBuildFile; fileRef = 607FACD91AFB9204008FA782 /* Main.storyboard */; };
		607FACDD1AFB9204008FA782 /* Images.xcassets in Resources */ = {isa = PBXBuildFile; fileRef = 607FACDC1AFB9204008FA782 /* Images.xcassets */; };
		607FACE01AFB9204008FA782 /* LaunchScreen.xib in Resources */ = {isa = PBXBuildFile; fileRef = 607FACDE1AFB9204008FA782 /* LaunchScreen.xib */; };
		850D66CE21BE6641002FED0D /* CTTheftCaseModelTests.swift in Sources */ = {isa = PBXBuildFile; fileRef = 850D66CD21BE6641002FED0D /* CTTheftCaseModelTests.swift */; };
		852B85DB21943F9B00A373F1 /* CTGeofenceServiceTests.swift in Sources */ = {isa = PBXBuildFile; fileRef = 852B85DA21943F9B00A373F1 /* CTGeofenceServiceTests.swift */; };
		852B85DD219449FF00A373F1 /* userNotLoggedIn.json in Resources */ = {isa = PBXBuildFile; fileRef = 852B85DC219449FE00A373F1 /* userNotLoggedIn.json */; };
		852B85DF21945FE100A373F1 /* geofenceIdNotFound.json in Resources */ = {isa = PBXBuildFile; fileRef = 852B85DE21945FE100A373F1 /* geofenceIdNotFound.json */; };
		852B85E12194614900A373F1 /* bikeIdNotFound.json in Resources */ = {isa = PBXBuildFile; fileRef = 852B85E02194614900A373F1 /* bikeIdNotFound.json */; };
		853B34B62197042000FA50FB /* CTRideServiceTests.swift in Sources */ = {isa = PBXBuildFile; fileRef = 853B34B52197042000FA50FB /* CTRideServiceTests.swift */; };
		8565CCBF21819ECD00D01486 /* geofence.json in Resources */ = {isa = PBXBuildFile; fileRef = 8565CCBD21819ECD00D01486 /* geofence.json */; };
		8565CCC021819ECD00D01486 /* geofenceList.json in Resources */ = {isa = PBXBuildFile; fileRef = 8565CCBE21819ECD00D01486 /* geofenceList.json */; };
		8565CCC52181A47100D01486 /* createGeofenceValidationError.json in Resources */ = {isa = PBXBuildFile; fileRef = 8565CCC42181A47100D01486 /* createGeofenceValidationError.json */; };
		8565CCC72181A7D200D01486 /* userAlreadyExists.json in Resources */ = {isa = PBXBuildFile; fileRef = 8565CCC62181A7D200D01486 /* userAlreadyExists.json */; };
		8565CCCA2181ACB300D01486 /* user.json in Resources */ = {isa = PBXBuildFile; fileRef = 8565CCC92181ACB300D01486 /* user.json */; };
		85B2BDCE21BBCDA3009036E7 /* CTRideModelTests.swift in Sources */ = {isa = PBXBuildFile; fileRef = 85B2BDCD21BBCDA3009036E7 /* CTRideModelTests.swift */; };
		85B2DE3321A015D9004F524A /* createTheftCaseValidationError.json in Resources */ = {isa = PBXBuildFile; fileRef = 85B2DE3221A015D8004F524A /* createTheftCaseValidationError.json */; };
		85B2DE3721A05193004F524A /* patchPoliceIdValidationError.json in Resources */ = {isa = PBXBuildFile; fileRef = 85B2DE3621A05193004F524A /* patchPoliceIdValidationError.json */; };
		85B2DE3F21A2E5D0004F524A /* CTStatisticsServiceTests.swift in Sources */ = {isa = PBXBuildFile; fileRef = 85B2DE3E21A2E5D0004F524A /* CTStatisticsServiceTests.swift */; };
		85B5EAB5219D614E007ACF55 /* rideIdNotFound.json in Resources */ = {isa = PBXBuildFile; fileRef = 85B5EAB4219D614E007ACF55 /* rideIdNotFound.json */; };
		85B5EAB7219D6198007ACF55 /* createRideValidationError.json in Resources */ = {isa = PBXBuildFile; fileRef = 85B5EAB6219D6197007ACF55 /* createRideValidationError.json */; };
		85B5EAB9219D953A007ACF55 /* CTTheftCaseServiceTests.swift in Sources */ = {isa = PBXBuildFile; fileRef = 85B5EAB8219D953A007ACF55 /* CTTheftCaseServiceTests.swift */; };
		85B5EABC219DA963007ACF55 /* theftCaseIdNotFound.json in Resources */ = {isa = PBXBuildFile; fileRef = 85B5EABB219DA963007ACF55 /* theftCaseIdNotFound.json */; };
		85B5EAC0219DB971007ACF55 /* recoveryPartnerResponse.json in Resources */ = {isa = PBXBuildFile; fileRef = 85B5EABF219DB971007ACF55 /* recoveryPartnerResponse.json */; };
		85B5EAC3219DB9E2007ACF55 /* statisticsResponse.json in Resources */ = {isa = PBXBuildFile; fileRef = 85B5EAC2219DB9E2007ACF55 /* statisticsResponse.json */; };
		85B6E93E218302EE00F44404 /* ride-list.json in Resources */ = {isa = PBXBuildFile; fileRef = 85B6E93C218302EE00F44404 /* ride-list.json */; };
		85B6E93F218302EE00F44404 /* ride.json in Resources */ = {isa = PBXBuildFile; fileRef = 85B6E93D218302EE00F44404 /* ride.json */; };
		85B6E945218351DB00F44404 /* RideTableViewController.swift in Sources */ = {isa = PBXBuildFile; fileRef = 85B6E944218351DB00F44404 /* RideTableViewController.swift */; };
		85D33A4C2181D9AE0097D7A7 /* theftcase.json in Resources */ = {isa = PBXBuildFile; fileRef = 85D33A4B2181D9AE0097D7A7 /* theftcase.json */; };
		85D33A4E2181DA120097D7A7 /* theftcaseList.json in Resources */ = {isa = PBXBuildFile; fileRef = 85D33A4D2181DA120097D7A7 /* theftcaseList.json */; };
		85F58D8A21BC1A3100F723DD /* CTBikeModelTests.swift in Sources */ = {isa = PBXBuildFile; fileRef = 85F58D8921BC1A3100F723DD /* CTBikeModelTests.swift */; };
		C00143A021E393B800636C6E /* CTTheftCasePartnerServiceTests.swift in Sources */ = {isa = PBXBuildFile; fileRef = C001439E21E393B800636C6E /* CTTheftCasePartnerServiceTests.swift */; };
		C00A8A3121873348003F67CB /* validation-error.json in Resources */ = {isa = PBXBuildFile; fileRef = C00A8A3021873348003F67CB /* validation-error.json */; };
		C00A8A33218735A9003F67CB /* 400-error.json in Resources */ = {isa = PBXBuildFile; fileRef = C00A8A32218735A9003F67CB /* 400-error.json */; };
		C00A8A36218735DC003F67CB /* Resolver.swift in Sources */ = {isa = PBXBuildFile; fileRef = C00A8A35218735DC003F67CB /* Resolver.swift */; };
		C01C070C21AFDE46001DA570 /* CTUploadServiceTests.swift in Sources */ = {isa = PBXBuildFile; fileRef = C01C070B21AFDE46001DA570 /* CTUploadServiceTests.swift */; };
		C01C070E21AFDEE2001DA570 /* uploadImages.xcassets in Resources */ = {isa = PBXBuildFile; fileRef = C01C070D21AFDEE2001DA570 /* uploadImages.xcassets */; };
		C01C070F21AFE05E001DA570 /* uploadImages.xcassets in Resources */ = {isa = PBXBuildFile; fileRef = C01C070D21AFDEE2001DA570 /* uploadImages.xcassets */; };
		C02A3D9C21635B250010617A /* CreateAccountViewController.swift in Sources */ = {isa = PBXBuildFile; fileRef = C02A3D9B21635B250010617A /* CreateAccountViewController.swift */; };
		C02A3D9E21635EEB0010617A /* AccountViewController.swift in Sources */ = {isa = PBXBuildFile; fileRef = C02A3D9D21635EEB0010617A /* AccountViewController.swift */; };
		C02A3DA0216373660010617A /* LoadingViewController.swift in Sources */ = {isa = PBXBuildFile; fileRef = C02A3D9F216373660010617A /* LoadingViewController.swift */; };
		C02A3DA22163A1C40010617A /* BikeTableViewController.swift in Sources */ = {isa = PBXBuildFile; fileRef = C02A3DA12163A1C40010617A /* BikeTableViewController.swift */; };
		C04F41B22199C502004FF81A /* CTBikeLocationServiceTests.swift in Sources */ = {isa = PBXBuildFile; fileRef = C04F41B12199C502004FF81A /* CTBikeLocationServiceTests.swift */; };
		C069CA60219B08E7003BE8C3 /* bike-history.json in Resources */ = {isa = PBXBuildFile; fileRef = C069CA5F219B08E7003BE8C3 /* bike-history.json */; };
		C069CA63219B17D5003BE8C3 /* bike.json in Resources */ = {isa = PBXBuildFile; fileRef = C069CA62219B17D5003BE8C3 /* bike.json */; };
		C069CA66219B1A1D003BE8C3 /* address-list.json in Resources */ = {isa = PBXBuildFile; fileRef = C069CA65219B1A1D003BE8C3 /* address-list.json */; };
		C07FEDB821899BDC005577C1 /* oauth-success.json in Resources */ = {isa = PBXBuildFile; fileRef = C07FEDB721899BDC005577C1 /* oauth-success.json */; };
		C08B174B2190831F00A662E2 /* bike-registration-failed.json in Resources */ = {isa = PBXBuildFile; fileRef = C08B174A2190831F00A662E2 /* bike-registration-failed.json */; };
		C098CA20219C60A3004174D5 /* bike-list.json in Resources */ = {isa = PBXBuildFile; fileRef = C098CA1F219C60A3004174D5 /* bike-list.json */; };
		C0DF759021674E0900260751 /* GeofenceTableViewController.swift in Sources */ = {isa = PBXBuildFile; fileRef = C0DF758F21674E0900260751 /* GeofenceTableViewController.swift */; };
		C0DFD37A21919EF000AB4194 /* bike-registration-successful.json in Resources */ = {isa = PBXBuildFile; fileRef = C0DFD37921919EF000AB4194 /* bike-registration-successful.json */; };
		C0E873682158DF5E001BAFFB /* CTUserServiceTests.swift in Sources */ = {isa = PBXBuildFile; fileRef = C0E873662158DF5E001BAFFB /* CTUserServiceTests.swift */; };
		C0EC37F7218079A100E7EAC4 /* createValidationError.json in Resources */ = {isa = PBXBuildFile; fileRef = C0EC37F52180792300E7EAC4 /* createValidationError.json */; };
		C0EC37FB2180AF0700E7EAC4 /* invalidEmailAndPassword.json in Resources */ = {isa = PBXBuildFile; fileRef = C0EC37FA2180AF0700E7EAC4 /* invalidEmailAndPassword.json */; };
		C0F071CE2179C1FB00FE08FE /* CTErrorHandlerTests.swift in Sources */ = {isa = PBXBuildFile; fileRef = C0F071CD2179C1FB00FE08FE /* CTErrorHandlerTests.swift */; };
		C0F40CD3218AEF5500F92CC9 /* CTRecoveryServiceTests.swift in Sources */ = {isa = PBXBuildFile; fileRef = C0F40CD2218AEF5500F92CC9 /* CTRecoveryServiceTests.swift */; };
		C0F40CD7218B2BD000F92CC9 /* CTBikeServiceTests.swift in Sources */ = {isa = PBXBuildFile; fileRef = C0F40CD6218B2BD000F92CC9 /* CTBikeServiceTests.swift */; };
		C0F40CDA218B3C3900F92CC9 /* bike-information.json in Resources */ = {isa = PBXBuildFile; fileRef = C0F40CD9218B3C3900F92CC9 /* bike-information.json */; };
		C0F40CDF218C542C00F92CC9 /* CTUserModelTests.swift in Sources */ = {isa = PBXBuildFile; fileRef = C0F40CDD218C518000F92CC9 /* CTUserModelTests.swift */; };
/* End PBXBuildFile section */

/* Begin PBXContainerItemProxy section */
		607FACE61AFB9204008FA782 /* PBXContainerItemProxy */ = {
			isa = PBXContainerItemProxy;
			containerPortal = 607FACC81AFB9204008FA782 /* Project object */;
			proxyType = 1;
			remoteGlobalIDString = 607FACCF1AFB9204008FA782;
			remoteInfo = ctkit;
		};
/* End PBXContainerItemProxy section */

/* Begin PBXFileReference section */
		030CCC9B44F2962C07AE3294 /* Pods-ctkit_Tests.release.xcconfig */ = {isa = PBXFileReference; includeInIndex = 1; lastKnownFileType = text.xcconfig; name = "Pods-ctkit_Tests.release.xcconfig"; path = "Pods/Target Support Files/Pods-ctkit_Tests/Pods-ctkit_Tests.release.xcconfig"; sourceTree = "<group>"; };
		4EE7BD0D0F7B0418568D2160 /* Pods-ctkit_Example.release.xcconfig */ = {isa = PBXFileReference; includeInIndex = 1; lastKnownFileType = text.xcconfig; name = "Pods-ctkit_Example.release.xcconfig"; path = "Pods/Target Support Files/Pods-ctkit_Example/Pods-ctkit_Example.release.xcconfig"; sourceTree = "<group>"; };
		54C3B40E428E089F6C392217 /* Pods-ctkit_Example.debug.xcconfig */ = {isa = PBXFileReference; includeInIndex = 1; lastKnownFileType = text.xcconfig; name = "Pods-ctkit_Example.debug.xcconfig"; path = "Pods/Target Support Files/Pods-ctkit_Example/Pods-ctkit_Example.debug.xcconfig"; sourceTree = "<group>"; };
		5535CE0605CA21FBACD7DE9B /* LICENSE */ = {isa = PBXFileReference; includeInIndex = 1; lastKnownFileType = text; name = LICENSE; path = ../LICENSE; sourceTree = "<group>"; };
		592B2B9F0C5FFD5AAAA08D47 /* Pods_ctkit_Example.framework */ = {isa = PBXFileReference; explicitFileType = wrapper.framework; includeInIndex = 0; path = Pods_ctkit_Example.framework; sourceTree = BUILT_PRODUCTS_DIR; };
		607FACD01AFB9204008FA782 /* ctkit_Example.app */ = {isa = PBXFileReference; explicitFileType = wrapper.application; includeInIndex = 0; path = ctkit_Example.app; sourceTree = BUILT_PRODUCTS_DIR; };
		607FACD41AFB9204008FA782 /* Info.plist */ = {isa = PBXFileReference; lastKnownFileType = text.plist.xml; path = Info.plist; sourceTree = "<group>"; };
		607FACD51AFB9204008FA782 /* AppDelegate.swift */ = {isa = PBXFileReference; lastKnownFileType = sourcecode.swift; path = AppDelegate.swift; sourceTree = "<group>"; };
		607FACD71AFB9204008FA782 /* ViewController.swift */ = {isa = PBXFileReference; lastKnownFileType = sourcecode.swift; path = ViewController.swift; sourceTree = "<group>"; };
		607FACDA1AFB9204008FA782 /* Base */ = {isa = PBXFileReference; lastKnownFileType = file.storyboard; name = Base; path = Base.lproj/Main.storyboard; sourceTree = "<group>"; };
		607FACDC1AFB9204008FA782 /* Images.xcassets */ = {isa = PBXFileReference; lastKnownFileType = folder.assetcatalog; path = Images.xcassets; sourceTree = "<group>"; };
		607FACDF1AFB9204008FA782 /* Base */ = {isa = PBXFileReference; lastKnownFileType = file.xib; name = Base; path = Base.lproj/LaunchScreen.xib; sourceTree = "<group>"; };
		607FACE51AFB9204008FA782 /* ctkit_Tests.xctest */ = {isa = PBXFileReference; explicitFileType = wrapper.cfbundle; includeInIndex = 0; path = ctkit_Tests.xctest; sourceTree = BUILT_PRODUCTS_DIR; };
		70F2EEE74B45058C24E152D3 /* Pods_ctkit_Tests.framework */ = {isa = PBXFileReference; explicitFileType = wrapper.framework; includeInIndex = 0; path = Pods_ctkit_Tests.framework; sourceTree = BUILT_PRODUCTS_DIR; };
		850D66CD21BE6641002FED0D /* CTTheftCaseModelTests.swift */ = {isa = PBXFileReference; lastKnownFileType = sourcecode.swift; path = CTTheftCaseModelTests.swift; sourceTree = "<group>"; };
		852B85DA21943F9B00A373F1 /* CTGeofenceServiceTests.swift */ = {isa = PBXFileReference; lastKnownFileType = sourcecode.swift; path = CTGeofenceServiceTests.swift; sourceTree = "<group>"; };
		852B85DC219449FE00A373F1 /* userNotLoggedIn.json */ = {isa = PBXFileReference; fileEncoding = 4; lastKnownFileType = text.json; path = userNotLoggedIn.json; sourceTree = "<group>"; };
		852B85DE21945FE100A373F1 /* geofenceIdNotFound.json */ = {isa = PBXFileReference; fileEncoding = 4; lastKnownFileType = text.json; path = geofenceIdNotFound.json; sourceTree = "<group>"; };
		852B85E02194614900A373F1 /* bikeIdNotFound.json */ = {isa = PBXFileReference; fileEncoding = 4; lastKnownFileType = text.json; path = bikeIdNotFound.json; sourceTree = "<group>"; };
		853B34B52197042000FA50FB /* CTRideServiceTests.swift */ = {isa = PBXFileReference; lastKnownFileType = sourcecode.swift; path = CTRideServiceTests.swift; sourceTree = "<group>"; };
		8565CCBD21819ECD00D01486 /* geofence.json */ = {isa = PBXFileReference; fileEncoding = 4; lastKnownFileType = text.json; path = geofence.json; sourceTree = "<group>"; };
		8565CCBE21819ECD00D01486 /* geofenceList.json */ = {isa = PBXFileReference; fileEncoding = 4; lastKnownFileType = text.json; path = geofenceList.json; sourceTree = "<group>"; };
		8565CCC42181A47100D01486 /* createGeofenceValidationError.json */ = {isa = PBXFileReference; fileEncoding = 4; lastKnownFileType = text.json; path = createGeofenceValidationError.json; sourceTree = "<group>"; };
		8565CCC62181A7D200D01486 /* userAlreadyExists.json */ = {isa = PBXFileReference; fileEncoding = 4; lastKnownFileType = text.json; path = userAlreadyExists.json; sourceTree = "<group>"; };
		8565CCC92181ACB300D01486 /* user.json */ = {isa = PBXFileReference; fileEncoding = 4; lastKnownFileType = text.json; path = user.json; sourceTree = "<group>"; };
		85B2BDCD21BBCDA3009036E7 /* CTRideModelTests.swift */ = {isa = PBXFileReference; lastKnownFileType = sourcecode.swift; path = CTRideModelTests.swift; sourceTree = "<group>"; };
		85B2DE3221A015D8004F524A /* createTheftCaseValidationError.json */ = {isa = PBXFileReference; fileEncoding = 4; lastKnownFileType = text.json; path = createTheftCaseValidationError.json; sourceTree = "<group>"; };
		85B2DE3621A05193004F524A /* patchPoliceIdValidationError.json */ = {isa = PBXFileReference; fileEncoding = 4; lastKnownFileType = text.json; path = patchPoliceIdValidationError.json; sourceTree = "<group>"; };
		85B2DE3E21A2E5D0004F524A /* CTStatisticsServiceTests.swift */ = {isa = PBXFileReference; lastKnownFileType = sourcecode.swift; path = CTStatisticsServiceTests.swift; sourceTree = "<group>"; };
		85B5EAB4219D614E007ACF55 /* rideIdNotFound.json */ = {isa = PBXFileReference; fileEncoding = 4; lastKnownFileType = text.json; path = rideIdNotFound.json; sourceTree = "<group>"; };
		85B5EAB6219D6197007ACF55 /* createRideValidationError.json */ = {isa = PBXFileReference; fileEncoding = 4; lastKnownFileType = text.json; path = createRideValidationError.json; sourceTree = "<group>"; };
		85B5EAB8219D953A007ACF55 /* CTTheftCaseServiceTests.swift */ = {isa = PBXFileReference; lastKnownFileType = sourcecode.swift; path = CTTheftCaseServiceTests.swift; sourceTree = "<group>"; };
		85B5EABB219DA963007ACF55 /* theftCaseIdNotFound.json */ = {isa = PBXFileReference; fileEncoding = 4; lastKnownFileType = text.json; path = theftCaseIdNotFound.json; sourceTree = "<group>"; };
		85B5EABF219DB971007ACF55 /* recoveryPartnerResponse.json */ = {isa = PBXFileReference; fileEncoding = 4; lastKnownFileType = text.json; path = recoveryPartnerResponse.json; sourceTree = "<group>"; };
		85B5EAC2219DB9E2007ACF55 /* statisticsResponse.json */ = {isa = PBXFileReference; fileEncoding = 4; lastKnownFileType = text.json; path = statisticsResponse.json; sourceTree = "<group>"; };
		85B6E93C218302EE00F44404 /* ride-list.json */ = {isa = PBXFileReference; fileEncoding = 4; lastKnownFileType = text.json; path = "ride-list.json"; sourceTree = "<group>"; };
		85B6E93D218302EE00F44404 /* ride.json */ = {isa = PBXFileReference; fileEncoding = 4; lastKnownFileType = text.json; path = ride.json; sourceTree = "<group>"; };
		85B6E944218351DB00F44404 /* RideTableViewController.swift */ = {isa = PBXFileReference; lastKnownFileType = sourcecode.swift; path = RideTableViewController.swift; sourceTree = "<group>"; };
		85D33A4B2181D9AE0097D7A7 /* theftcase.json */ = {isa = PBXFileReference; fileEncoding = 4; lastKnownFileType = text.json; path = theftcase.json; sourceTree = "<group>"; };
		85D33A4D2181DA120097D7A7 /* theftcaseList.json */ = {isa = PBXFileReference; fileEncoding = 4; lastKnownFileType = text.json; path = theftcaseList.json; sourceTree = "<group>"; };
		85F58D8921BC1A3100F723DD /* CTBikeModelTests.swift */ = {isa = PBXFileReference; lastKnownFileType = sourcecode.swift; path = CTBikeModelTests.swift; sourceTree = "<group>"; };
		9E9684D6BB1AB15BB76CF588 /* Pods-ctkit_Tests.debug.xcconfig */ = {isa = PBXFileReference; includeInIndex = 1; lastKnownFileType = text.xcconfig; name = "Pods-ctkit_Tests.debug.xcconfig"; path = "Pods/Target Support Files/Pods-ctkit_Tests/Pods-ctkit_Tests.debug.xcconfig"; sourceTree = "<group>"; };
		AA81EECC2BEA5016338F8ACC /* ctkit.podspec */ = {isa = PBXFileReference; includeInIndex = 1; lastKnownFileType = text; name = ctkit.podspec; path = ../ctkit.podspec; sourceTree = "<group>"; xcLanguageSpecificationIdentifier = xcode.lang.ruby; };
		ABE31016D690DA6F44A7AF83 /* README.md */ = {isa = PBXFileReference; includeInIndex = 1; lastKnownFileType = net.daringfireball.markdown; name = README.md; path = ../README.md; sourceTree = "<group>"; };
		C001439E21E393B800636C6E /* CTTheftCasePartnerServiceTests.swift */ = {isa = PBXFileReference; lastKnownFileType = sourcecode.swift; path = CTTheftCasePartnerServiceTests.swift; sourceTree = "<group>"; };
		C00A8A3021873348003F67CB /* validation-error.json */ = {isa = PBXFileReference; lastKnownFileType = text.json; path = "validation-error.json"; sourceTree = "<group>"; };
		C00A8A32218735A9003F67CB /* 400-error.json */ = {isa = PBXFileReference; lastKnownFileType = text.json; path = "400-error.json"; sourceTree = "<group>"; };
		C00A8A35218735DC003F67CB /* Resolver.swift */ = {isa = PBXFileReference; lastKnownFileType = sourcecode.swift; path = Resolver.swift; sourceTree = "<group>"; };
		C01C070B21AFDE46001DA570 /* CTUploadServiceTests.swift */ = {isa = PBXFileReference; lastKnownFileType = sourcecode.swift; path = CTUploadServiceTests.swift; sourceTree = "<group>"; };
		C01C070D21AFDEE2001DA570 /* uploadImages.xcassets */ = {isa = PBXFileReference; lastKnownFileType = folder.assetcatalog; path = uploadImages.xcassets; sourceTree = "<group>"; };
		C02A3D9B21635B250010617A /* CreateAccountViewController.swift */ = {isa = PBXFileReference; lastKnownFileType = sourcecode.swift; path = CreateAccountViewController.swift; sourceTree = "<group>"; };
		C02A3D9D21635EEB0010617A /* AccountViewController.swift */ = {isa = PBXFileReference; lastKnownFileType = sourcecode.swift; path = AccountViewController.swift; sourceTree = "<group>"; };
		C02A3D9F216373660010617A /* LoadingViewController.swift */ = {isa = PBXFileReference; lastKnownFileType = sourcecode.swift; path = LoadingViewController.swift; sourceTree = "<group>"; };
		C02A3DA12163A1C40010617A /* BikeTableViewController.swift */ = {isa = PBXFileReference; lastKnownFileType = sourcecode.swift; path = BikeTableViewController.swift; sourceTree = "<group>"; };
		C04C0AAE21746E9B00F9ADE0 /* Info.plist */ = {isa = PBXFileReference; lastKnownFileType = text.plist.xml; path = Info.plist; sourceTree = "<group>"; };
		C04F41B12199C502004FF81A /* CTBikeLocationServiceTests.swift */ = {isa = PBXFileReference; lastKnownFileType = sourcecode.swift; path = CTBikeLocationServiceTests.swift; sourceTree = "<group>"; };
		C069CA5F219B08E7003BE8C3 /* bike-history.json */ = {isa = PBXFileReference; lastKnownFileType = text.json; path = "bike-history.json"; sourceTree = "<group>"; };
		C069CA62219B17D5003BE8C3 /* bike.json */ = {isa = PBXFileReference; lastKnownFileType = text.json; path = bike.json; sourceTree = "<group>"; };
		C069CA65219B1A1D003BE8C3 /* address-list.json */ = {isa = PBXFileReference; lastKnownFileType = text.json; path = "address-list.json"; sourceTree = "<group>"; };
		C07FEDB721899BDC005577C1 /* oauth-success.json */ = {isa = PBXFileReference; lastKnownFileType = text.json; path = "oauth-success.json"; sourceTree = "<group>"; };
		C08B174A2190831F00A662E2 /* bike-registration-failed.json */ = {isa = PBXFileReference; lastKnownFileType = text.json; path = "bike-registration-failed.json"; sourceTree = "<group>"; };
		C098CA1F219C60A3004174D5 /* bike-list.json */ = {isa = PBXFileReference; lastKnownFileType = text.json; path = "bike-list.json"; sourceTree = "<group>"; };
		C0DF758F21674E0900260751 /* GeofenceTableViewController.swift */ = {isa = PBXFileReference; lastKnownFileType = sourcecode.swift; path = GeofenceTableViewController.swift; sourceTree = "<group>"; };
		C0DFD37921919EF000AB4194 /* bike-registration-successful.json */ = {isa = PBXFileReference; lastKnownFileType = text.json; path = "bike-registration-successful.json"; sourceTree = "<group>"; };
		C0E873662158DF5E001BAFFB /* CTUserServiceTests.swift */ = {isa = PBXFileReference; lastKnownFileType = sourcecode.swift; path = CTUserServiceTests.swift; sourceTree = "<group>"; };
		C0EC37F52180792300E7EAC4 /* createValidationError.json */ = {isa = PBXFileReference; lastKnownFileType = text.json; path = createValidationError.json; sourceTree = "<group>"; };
		C0EC37FA2180AF0700E7EAC4 /* invalidEmailAndPassword.json */ = {isa = PBXFileReference; lastKnownFileType = text.json; path = invalidEmailAndPassword.json; sourceTree = "<group>"; };
		C0F071CD2179C1FB00FE08FE /* CTErrorHandlerTests.swift */ = {isa = PBXFileReference; lastKnownFileType = sourcecode.swift; path = CTErrorHandlerTests.swift; sourceTree = "<group>"; };
		C0F40CD2218AEF5500F92CC9 /* CTRecoveryServiceTests.swift */ = {isa = PBXFileReference; lastKnownFileType = sourcecode.swift; path = CTRecoveryServiceTests.swift; sourceTree = "<group>"; };
		C0F40CD6218B2BD000F92CC9 /* CTBikeServiceTests.swift */ = {isa = PBXFileReference; lastKnownFileType = sourcecode.swift; path = CTBikeServiceTests.swift; sourceTree = "<group>"; };
		C0F40CD9218B3C3900F92CC9 /* bike-information.json */ = {isa = PBXFileReference; lastKnownFileType = text.json; path = "bike-information.json"; sourceTree = "<group>"; };
		C0F40CDD218C518000F92CC9 /* CTUserModelTests.swift */ = {isa = PBXFileReference; lastKnownFileType = sourcecode.swift; path = CTUserModelTests.swift; sourceTree = "<group>"; };
/* End PBXFileReference section */

/* Begin PBXFrameworksBuildPhase section */
		607FACCD1AFB9204008FA782 /* Frameworks */ = {
			isa = PBXFrameworksBuildPhase;
			buildActionMask = 2147483647;
			files = (
				3EF5E19745594071E4F51AE3 /* Pods_ctkit_Example.framework in Frameworks */,
			);
			runOnlyForDeploymentPostprocessing = 0;
		};
		607FACE21AFB9204008FA782 /* Frameworks */ = {
			isa = PBXFrameworksBuildPhase;
			buildActionMask = 2147483647;
			files = (
				1B388F8863853ED0CE73ECBC /* Pods_ctkit_Tests.framework in Frameworks */,
			);
			runOnlyForDeploymentPostprocessing = 0;
		};
/* End PBXFrameworksBuildPhase section */

/* Begin PBXGroup section */
		607FACC71AFB9204008FA782 = {
			isa = PBXGroup;
			children = (
				607FACF51AFB993E008FA782 /* Podspec Metadata */,
				607FACD21AFB9204008FA782 /* Example for ctkit */,
				607FACE81AFB9204008FA782 /* Tests */,
				607FACD11AFB9204008FA782 /* Products */,
				8EB300C784AC4CE147B5FFE9 /* Pods */,
				818C0E20330497DD4F86FD41 /* Frameworks */,
			);
			sourceTree = "<group>";
		};
		607FACD11AFB9204008FA782 /* Products */ = {
			isa = PBXGroup;
			children = (
				607FACD01AFB9204008FA782 /* ctkit_Example.app */,
				607FACE51AFB9204008FA782 /* ctkit_Tests.xctest */,
			);
			name = Products;
			sourceTree = "<group>";
		};
		607FACD21AFB9204008FA782 /* Example for ctkit */ = {
			isa = PBXGroup;
			children = (
				607FACD51AFB9204008FA782 /* AppDelegate.swift */,
				607FACD71AFB9204008FA782 /* ViewController.swift */,
				C02A3D9B21635B250010617A /* CreateAccountViewController.swift */,
				607FACD91AFB9204008FA782 /* Main.storyboard */,
				607FACDC1AFB9204008FA782 /* Images.xcassets */,
				607FACDE1AFB9204008FA782 /* LaunchScreen.xib */,
				607FACD31AFB9204008FA782 /* Supporting Files */,
				C02A3D9D21635EEB0010617A /* AccountViewController.swift */,
				C02A3D9F216373660010617A /* LoadingViewController.swift */,
				C02A3DA12163A1C40010617A /* BikeTableViewController.swift */,
				C0DF758F21674E0900260751 /* GeofenceTableViewController.swift */,
				85B6E944218351DB00F44404 /* RideTableViewController.swift */,
			);
			name = "Example for ctkit";
			path = ctkit;
			sourceTree = "<group>";
		};
		607FACD31AFB9204008FA782 /* Supporting Files */ = {
			isa = PBXGroup;
			children = (
				607FACD41AFB9204008FA782 /* Info.plist */,
			);
			name = "Supporting Files";
			sourceTree = "<group>";
		};
		607FACE81AFB9204008FA782 /* Tests */ = {
			isa = PBXGroup;
			children = (
				C00A8A34218735CD003F67CB /* Helpers */,
				C0F40CDB218C4F3400F92CC9 /* CTServices */,
				C0F40CDC218C4F5800F92CC9 /* CTModels */,
				C0F071CD2179C1FB00FE08FE /* CTErrorHandlerTests.swift */,
				C04C0AAE21746E9B00F9ADE0 /* Info.plist */,
			);
			path = Tests;
			sourceTree = "<group>";
		};
		607FACF51AFB993E008FA782 /* Podspec Metadata */ = {
			isa = PBXGroup;
			children = (
				AA81EECC2BEA5016338F8ACC /* ctkit.podspec */,
				ABE31016D690DA6F44A7AF83 /* README.md */,
				5535CE0605CA21FBACD7DE9B /* LICENSE */,
			);
			name = "Podspec Metadata";
			sourceTree = "<group>";
		};
		818C0E20330497DD4F86FD41 /* Frameworks */ = {
			isa = PBXGroup;
			children = (
				592B2B9F0C5FFD5AAAA08D47 /* Pods_ctkit_Example.framework */,
				70F2EEE74B45058C24E152D3 /* Pods_ctkit_Tests.framework */,
			);
			name = Frameworks;
			sourceTree = "<group>";
		};
		8565CCBB21819ECD00D01486 /* Resources */ = {
			isa = PBXGroup;
			children = (
				85B5EABE219DB971007ACF55 /* recoveryPartner */,
				85B5EAC5219DBA2C007ACF55 /* upload */,
				85B5EAC4219DB9F2007ACF55 /* subscription */,
				85B5EAC1219DB9C9007ACF55 /* statistics */,
				C069CA64219B19D5003BE8C3 /* address */,
				C0F40CD8218B3C1F00F92CC9 /* bike */,
				C00A8A2F218711B9003F67CB /* api-error */,
				85B6E93B2183029C00F44404 /* ride */,
				85D33A4A2181D9860097D7A7 /* theftcase */,
				8565CCC82181AC0C00D01486 /* user */,
				8565CCBC21819ECD00D01486 /* geofence */,
			);
			path = Resources;
			sourceTree = "<group>";
		};
		8565CCBC21819ECD00D01486 /* geofence */ = {
			isa = PBXGroup;
			children = (
				8565CCBD21819ECD00D01486 /* geofence.json */,
				8565CCBE21819ECD00D01486 /* geofenceList.json */,
			);
			path = geofence;
			sourceTree = "<group>";
		};
		8565CCC12181A3A000D01486 /* CTGeofenceService */ = {
			isa = PBXGroup;
			children = (
				852B85DE21945FE100A373F1 /* geofenceIdNotFound.json */,
				852B85E02194614900A373F1 /* bikeIdNotFound.json */,
				8565CCC42181A47100D01486 /* createGeofenceValidationError.json */,
			);
			path = CTGeofenceService;
			sourceTree = "<group>";
		};
		8565CCC82181AC0C00D01486 /* user */ = {
			isa = PBXGroup;
			children = (
				8565CCC92181ACB300D01486 /* user.json */,
			);
			path = user;
			sourceTree = "<group>";
		};
		85B5EAB3219D6012007ACF55 /* CTRideService */ = {
			isa = PBXGroup;
			children = (
				85B5EAB4219D614E007ACF55 /* rideIdNotFound.json */,
				85B5EAB6219D6197007ACF55 /* createRideValidationError.json */,
			);
			path = CTRideService;
			sourceTree = "<group>";
		};
		85B5EABA219DA90E007ACF55 /* CTTheftCaseService */ = {
			isa = PBXGroup;
			children = (
				85B2DE3221A015D8004F524A /* createTheftCaseValidationError.json */,
				85B2DE3621A05193004F524A /* patchPoliceIdValidationError.json */,
				85B5EABB219DA963007ACF55 /* theftCaseIdNotFound.json */,
			);
			path = CTTheftCaseService;
			sourceTree = "<group>";
		};
		85B5EABE219DB971007ACF55 /* recoveryPartner */ = {
			isa = PBXGroup;
			children = (
				85B5EABF219DB971007ACF55 /* recoveryPartnerResponse.json */,
			);
			path = recoveryPartner;
			sourceTree = "<group>";
		};
		85B5EAC1219DB9C9007ACF55 /* statistics */ = {
			isa = PBXGroup;
			children = (
				85B5EAC2219DB9E2007ACF55 /* statisticsResponse.json */,
			);
			path = statistics;
			sourceTree = "<group>";
		};
		85B5EAC4219DB9F2007ACF55 /* subscription */ = {
			isa = PBXGroup;
			children = (
			);
			path = subscription;
			sourceTree = "<group>";
		};
		85B5EAC5219DBA2C007ACF55 /* upload */ = {
			isa = PBXGroup;
			children = (
				C01C070D21AFDEE2001DA570 /* uploadImages.xcassets */,
			);
			path = upload;
			sourceTree = "<group>";
		};
		85B6E93B2183029C00F44404 /* ride */ = {
			isa = PBXGroup;
			children = (
				85B6E93D218302EE00F44404 /* ride.json */,
				85B6E93C218302EE00F44404 /* ride-list.json */,
			);
			path = ride;
			sourceTree = "<group>";
		};
		85D33A4A2181D9860097D7A7 /* theftcase */ = {
			isa = PBXGroup;
			children = (
				85D33A4D2181DA120097D7A7 /* theftcaseList.json */,
				85D33A4B2181D9AE0097D7A7 /* theftcase.json */,
			);
			path = theftcase;
			sourceTree = "<group>";
		};
		8EB300C784AC4CE147B5FFE9 /* Pods */ = {
			isa = PBXGroup;
			children = (
				54C3B40E428E089F6C392217 /* Pods-ctkit_Example.debug.xcconfig */,
				4EE7BD0D0F7B0418568D2160 /* Pods-ctkit_Example.release.xcconfig */,
				9E9684D6BB1AB15BB76CF588 /* Pods-ctkit_Tests.debug.xcconfig */,
				030CCC9B44F2962C07AE3294 /* Pods-ctkit_Tests.release.xcconfig */,
			);
			name = Pods;
			sourceTree = "<group>";
		};
		C00A8A2F218711B9003F67CB /* api-error */ = {
			isa = PBXGroup;
			children = (
				C00A8A3021873348003F67CB /* validation-error.json */,
				C00A8A32218735A9003F67CB /* 400-error.json */,
			);
			path = "api-error";
			sourceTree = "<group>";
		};
		C00A8A34218735CD003F67CB /* Helpers */ = {
			isa = PBXGroup;
			children = (
				8565CCBB21819ECD00D01486 /* Resources */,
				C0EC37F3218078F500E7EAC4 /* Responses */,
				C00A8A35218735DC003F67CB /* Resolver.swift */,
			);
			path = Helpers;
			sourceTree = "<group>";
		};
		C069CA5E219B08C5003BE8C3 /* CTBikeLocationService */ = {
			isa = PBXGroup;
			children = (
				C069CA5F219B08E7003BE8C3 /* bike-history.json */,
			);
			path = CTBikeLocationService;
			sourceTree = "<group>";
		};
		C069CA64219B19D5003BE8C3 /* address */ = {
			isa = PBXGroup;
			children = (
				C069CA65219B1A1D003BE8C3 /* address-list.json */,
			);
			path = address;
			sourceTree = "<group>";
		};
		C07FEDB621899BC4005577C1 /* OAuth */ = {
			isa = PBXGroup;
			children = (
				C07FEDB721899BDC005577C1 /* oauth-success.json */,
			);
			path = OAuth;
			sourceTree = "<group>";
		};
		C08B17492190830200A662E2 /* CTBikeService */ = {
			isa = PBXGroup;
			children = (
				C08B174A2190831F00A662E2 /* bike-registration-failed.json */,
				C0DFD37921919EF000AB4194 /* bike-registration-successful.json */,
			);
			path = CTBikeService;
			sourceTree = "<group>";
		};
		C0EC37F3218078F500E7EAC4 /* Responses */ = {
			isa = PBXGroup;
			children = (
				85B5EABA219DA90E007ACF55 /* CTTheftCaseService */,
				85B5EAB3219D6012007ACF55 /* CTRideService */,
				C069CA5E219B08C5003BE8C3 /* CTBikeLocationService */,
				C08B17492190830200A662E2 /* CTBikeService */,
				C07FEDB621899BC4005577C1 /* OAuth */,
				8565CCC12181A3A000D01486 /* CTGeofenceService */,
				C0EC37F42180790000E7EAC4 /* CTUserService */,
			);
			path = Responses;
			sourceTree = "<group>";
		};
		C0EC37F42180790000E7EAC4 /* CTUserService */ = {
			isa = PBXGroup;
			children = (
				C0EC37F52180792300E7EAC4 /* createValidationError.json */,
				8565CCC62181A7D200D01486 /* userAlreadyExists.json */,
				C0EC37FA2180AF0700E7EAC4 /* invalidEmailAndPassword.json */,
				852B85DC219449FE00A373F1 /* userNotLoggedIn.json */,
			);
			path = CTUserService;
			sourceTree = "<group>";
		};
		C0F40CD8218B3C1F00F92CC9 /* bike */ = {
			isa = PBXGroup;
			children = (
				C0F40CD9218B3C3900F92CC9 /* bike-information.json */,
				C069CA62219B17D5003BE8C3 /* bike.json */,
				C098CA1F219C60A3004174D5 /* bike-list.json */,
			);
			path = bike;
			sourceTree = "<group>";
		};
		C0F40CDB218C4F3400F92CC9 /* CTServices */ = {
			isa = PBXGroup;
			children = (
				C0E873662158DF5E001BAFFB /* CTUserServiceTests.swift */,
				C0F40CD2218AEF5500F92CC9 /* CTRecoveryServiceTests.swift */,
				C0F40CD6218B2BD000F92CC9 /* CTBikeServiceTests.swift */,
				852B85DA21943F9B00A373F1 /* CTGeofenceServiceTests.swift */,
				853B34B52197042000FA50FB /* CTRideServiceTests.swift */,
				C04F41B12199C502004FF81A /* CTBikeLocationServiceTests.swift */,
				85B5EAB8219D953A007ACF55 /* CTTheftCaseServiceTests.swift */,
				85B2DE3E21A2E5D0004F524A /* CTStatisticsServiceTests.swift */,
				C01C070B21AFDE46001DA570 /* CTUploadServiceTests.swift */,
				C001439E21E393B800636C6E /* CTTheftCasePartnerServiceTests.swift */,
			);
			path = CTServices;
			sourceTree = "<group>";
		};
		C0F40CDC218C4F5800F92CC9 /* CTModels */ = {
			isa = PBXGroup;
			children = (
				C0F40CDD218C518000F92CC9 /* CTUserModelTests.swift */,
				85B2BDCD21BBCDA3009036E7 /* CTRideModelTests.swift */,
				85F58D8921BC1A3100F723DD /* CTBikeModelTests.swift */,
				850D66CD21BE6641002FED0D /* CTTheftCaseModelTests.swift */,
			);
			path = CTModels;
			sourceTree = "<group>";
		};
/* End PBXGroup section */

/* Begin PBXNativeTarget section */
		607FACCF1AFB9204008FA782 /* ctkit_Example */ = {
			isa = PBXNativeTarget;
			buildConfigurationList = 607FACEF1AFB9204008FA782 /* Build configuration list for PBXNativeTarget "ctkit_Example" */;
			buildPhases = (
				F1FD27FB623A6A342CA8ED16 /* [CP] Check Pods Manifest.lock */,
				607FACCC1AFB9204008FA782 /* Sources */,
				607FACCD1AFB9204008FA782 /* Frameworks */,
				607FACCE1AFB9204008FA782 /* Resources */,
				C207CAC57824B94AED947AA0 /* [CP] Embed Pods Frameworks */,
				C0A96F8D21E63BB2002DA7D9 /* SwiftLint */,
			);
			buildRules = (
			);
			dependencies = (
			);
			name = ctkit_Example;
			productName = ctkit;
			productReference = 607FACD01AFB9204008FA782 /* ctkit_Example.app */;
			productType = "com.apple.product-type.application";
		};
		607FACE41AFB9204008FA782 /* ctkit_Tests */ = {
			isa = PBXNativeTarget;
			buildConfigurationList = 607FACF21AFB9204008FA782 /* Build configuration list for PBXNativeTarget "ctkit_Tests" */;
			buildPhases = (
				661D3C3F2067F58B9BDB08B0 /* [CP] Check Pods Manifest.lock */,
				607FACE11AFB9204008FA782 /* Sources */,
				607FACE21AFB9204008FA782 /* Frameworks */,
				607FACE31AFB9204008FA782 /* Resources */,
				D68AFB36A7FB8D3AED1E7085 /* [CP] Embed Pods Frameworks */,
			);
			buildRules = (
			);
			dependencies = (
				607FACE71AFB9204008FA782 /* PBXTargetDependency */,
			);
			name = ctkit_Tests;
			productName = Tests;
			productReference = 607FACE51AFB9204008FA782 /* ctkit_Tests.xctest */;
			productType = "com.apple.product-type.bundle.unit-test";
		};
/* End PBXNativeTarget section */

/* Begin PBXProject section */
		607FACC81AFB9204008FA782 /* Project object */ = {
			isa = PBXProject;
			attributes = {
				LastSwiftUpdateCheck = 0830;
				LastUpgradeCheck = 0830;
				ORGANIZATIONNAME = CocoaPods;
				TargetAttributes = {
					607FACCF1AFB9204008FA782 = {
						CreatedOnToolsVersion = 6.3.1;
						DevelopmentTeam = PHFR6RN8YP;
						LastSwiftMigration = 0900;
					};
					607FACE41AFB9204008FA782 = {
						CreatedOnToolsVersion = 6.3.1;
						LastSwiftMigration = 0900;
						TestTargetID = 607FACCF1AFB9204008FA782;
					};
				};
			};
			buildConfigurationList = 607FACCB1AFB9204008FA782 /* Build configuration list for PBXProject "ctkit" */;
			compatibilityVersion = "Xcode 3.2";
			developmentRegion = English;
			hasScannedForEncodings = 0;
			knownRegions = (
				en,
				Base,
			);
			mainGroup = 607FACC71AFB9204008FA782;
			productRefGroup = 607FACD11AFB9204008FA782 /* Products */;
			projectDirPath = "";
			projectRoot = "";
			targets = (
				607FACCF1AFB9204008FA782 /* ctkit_Example */,
				607FACE41AFB9204008FA782 /* ctkit_Tests */,
			);
		};
/* End PBXProject section */

/* Begin PBXResourcesBuildPhase section */
		607FACCE1AFB9204008FA782 /* Resources */ = {
			isa = PBXResourcesBuildPhase;
			buildActionMask = 2147483647;
			files = (
				C01C070F21AFE05E001DA570 /* uploadImages.xcassets in Resources */,
				607FACDB1AFB9204008FA782 /* Main.storyboard in Resources */,
				607FACE01AFB9204008FA782 /* LaunchScreen.xib in Resources */,
				607FACDD1AFB9204008FA782 /* Images.xcassets in Resources */,
			);
			runOnlyForDeploymentPostprocessing = 0;
		};
		607FACE31AFB9204008FA782 /* Resources */ = {
			isa = PBXResourcesBuildPhase;
			buildActionMask = 2147483647;
			files = (
				C0F40CDA218B3C3900F92CC9 /* bike-information.json in Resources */,
				85B5EAB7219D6198007ACF55 /* createRideValidationError.json in Resources */,
				8565CCCA2181ACB300D01486 /* user.json in Resources */,
				C07FEDB821899BDC005577C1 /* oauth-success.json in Resources */,
				85B5EAB5219D614E007ACF55 /* rideIdNotFound.json in Resources */,
				85B2DE3321A015D9004F524A /* createTheftCaseValidationError.json in Resources */,
				C0EC37F7218079A100E7EAC4 /* createValidationError.json in Resources */,
				8565CCC72181A7D200D01486 /* userAlreadyExists.json in Resources */,
				8565CCC52181A47100D01486 /* createGeofenceValidationError.json in Resources */,
				852B85DF21945FE100A373F1 /* geofenceIdNotFound.json in Resources */,
				C069CA60219B08E7003BE8C3 /* bike-history.json in Resources */,
				85B5EAC0219DB971007ACF55 /* recoveryPartnerResponse.json in Resources */,
				C01C070E21AFDEE2001DA570 /* uploadImages.xcassets in Resources */,
				C069CA63219B17D5003BE8C3 /* bike.json in Resources */,
				85B5EABC219DA963007ACF55 /* theftCaseIdNotFound.json in Resources */,
				85B5EAC3219DB9E2007ACF55 /* statisticsResponse.json in Resources */,
				8565CCC021819ECD00D01486 /* geofenceList.json in Resources */,
				852B85E12194614900A373F1 /* bikeIdNotFound.json in Resources */,
				85B6E93E218302EE00F44404 /* ride-list.json in Resources */,
				852B85DD219449FF00A373F1 /* userNotLoggedIn.json in Resources */,
				C00A8A3121873348003F67CB /* validation-error.json in Resources */,
				85B2DE3721A05193004F524A /* patchPoliceIdValidationError.json in Resources */,
				85D33A4C2181D9AE0097D7A7 /* theftcase.json in Resources */,
				C069CA66219B1A1D003BE8C3 /* address-list.json in Resources */,
				C0DFD37A21919EF000AB4194 /* bike-registration-successful.json in Resources */,
				C08B174B2190831F00A662E2 /* bike-registration-failed.json in Resources */,
				C098CA20219C60A3004174D5 /* bike-list.json in Resources */,
				C0EC37FB2180AF0700E7EAC4 /* invalidEmailAndPassword.json in Resources */,
				85D33A4E2181DA120097D7A7 /* theftcaseList.json in Resources */,
				8565CCBF21819ECD00D01486 /* geofence.json in Resources */,
				C00A8A33218735A9003F67CB /* 400-error.json in Resources */,
				85B6E93F218302EE00F44404 /* ride.json in Resources */,
			);
			runOnlyForDeploymentPostprocessing = 0;
		};
/* End PBXResourcesBuildPhase section */

/* Begin PBXShellScriptBuildPhase section */
		661D3C3F2067F58B9BDB08B0 /* [CP] Check Pods Manifest.lock */ = {
			isa = PBXShellScriptBuildPhase;
			buildActionMask = 2147483647;
			files = (
			);
			inputFileListPaths = (
			);
			inputPaths = (
				"${PODS_PODFILE_DIR_PATH}/Podfile.lock",
				"${PODS_ROOT}/Manifest.lock",
			);
			name = "[CP] Check Pods Manifest.lock";
			outputFileListPaths = (
			);
			outputPaths = (
				"$(DERIVED_FILE_DIR)/Pods-ctkit_Tests-checkManifestLockResult.txt",
			);
			runOnlyForDeploymentPostprocessing = 0;
			shellPath = /bin/sh;
			shellScript = "diff \"${PODS_PODFILE_DIR_PATH}/Podfile.lock\" \"${PODS_ROOT}/Manifest.lock\" > /dev/null\nif [ $? != 0 ] ; then\n    # print error to STDERR\n    echo \"error: The sandbox is not in sync with the Podfile.lock. Run 'pod install' or update your CocoaPods installation.\" >&2\n    exit 1\nfi\n# This output is used by Xcode 'outputs' to avoid re-running this script phase.\necho \"SUCCESS\" > \"${SCRIPT_OUTPUT_FILE_0}\"\n";
			showEnvVarsInLog = 0;
		};
		C0A96F8D21E63BB2002DA7D9 /* SwiftLint */ = {
			isa = PBXShellScriptBuildPhase;
			buildActionMask = 2147483647;
			files = (
			);
			inputFileListPaths = (
			);
			inputPaths = (
			);
			name = SwiftLint;
			outputFileListPaths = (
			);
			outputPaths = (
			);
			runOnlyForDeploymentPostprocessing = 0;
			shellPath = /bin/sh;
			shellScript = "if which swiftlint >/dev/null; then\nswiftlint\nelse\necho \"warning: SwiftLint not installed, download from https://github.com/realm/SwiftLint\"\nfi\n";
		};
		C207CAC57824B94AED947AA0 /* [CP] Embed Pods Frameworks */ = {
			isa = PBXShellScriptBuildPhase;
			buildActionMask = 2147483647;
			files = (
			);
			inputFileListPaths = (
			);
			inputPaths = (
				"${SRCROOT}/Pods/Target Support Files/Pods-ctkit_Example/Pods-ctkit_Example-frameworks.sh",
				"${BUILT_PRODUCTS_DIR}/Alamofire/Alamofire.framework",
				"${BUILT_PRODUCTS_DIR}/RxSwift/RxSwift.framework",
				"${BUILT_PRODUCTS_DIR}/ctkit/ctkit.framework",
			);
			name = "[CP] Embed Pods Frameworks";
			outputFileListPaths = (
			);
			outputPaths = (
				"${TARGET_BUILD_DIR}/${FRAMEWORKS_FOLDER_PATH}/Alamofire.framework",
				"${TARGET_BUILD_DIR}/${FRAMEWORKS_FOLDER_PATH}/RxSwift.framework",
				"${TARGET_BUILD_DIR}/${FRAMEWORKS_FOLDER_PATH}/ctkit.framework",
			);
			runOnlyForDeploymentPostprocessing = 0;
			shellPath = /bin/sh;
			shellScript = "\"${SRCROOT}/Pods/Target Support Files/Pods-ctkit_Example/Pods-ctkit_Example-frameworks.sh\"\n";
			showEnvVarsInLog = 0;
		};
		D68AFB36A7FB8D3AED1E7085 /* [CP] Embed Pods Frameworks */ = {
			isa = PBXShellScriptBuildPhase;
			buildActionMask = 2147483647;
			files = (
			);
			inputFileListPaths = (
			);
			inputPaths = (
				"${SRCROOT}/Pods/Target Support Files/Pods-ctkit_Tests/Pods-ctkit_Tests-frameworks.sh",
				"${BUILT_PRODUCTS_DIR}/RxSwift/RxSwift.framework",
				"${BUILT_PRODUCTS_DIR}/Mockingjay/Mockingjay.framework",
				"${BUILT_PRODUCTS_DIR}/Nimble/Nimble.framework",
				"${BUILT_PRODUCTS_DIR}/Quick/Quick.framework",
				"${BUILT_PRODUCTS_DIR}/RxBlocking/RxBlocking.framework",
				"${BUILT_PRODUCTS_DIR}/RxTest/RxTest.framework",
				"${BUILT_PRODUCTS_DIR}/URITemplate/URITemplate.framework",
			);
			name = "[CP] Embed Pods Frameworks";
			outputFileListPaths = (
			);
			outputPaths = (
				"${TARGET_BUILD_DIR}/${FRAMEWORKS_FOLDER_PATH}/RxSwift.framework",
				"${TARGET_BUILD_DIR}/${FRAMEWORKS_FOLDER_PATH}/Mockingjay.framework",
				"${TARGET_BUILD_DIR}/${FRAMEWORKS_FOLDER_PATH}/Nimble.framework",
				"${TARGET_BUILD_DIR}/${FRAMEWORKS_FOLDER_PATH}/Quick.framework",
				"${TARGET_BUILD_DIR}/${FRAMEWORKS_FOLDER_PATH}/RxBlocking.framework",
				"${TARGET_BUILD_DIR}/${FRAMEWORKS_FOLDER_PATH}/RxTest.framework",
				"${TARGET_BUILD_DIR}/${FRAMEWORKS_FOLDER_PATH}/URITemplate.framework",
			);
			runOnlyForDeploymentPostprocessing = 0;
			shellPath = /bin/sh;
			shellScript = "\"${SRCROOT}/Pods/Target Support Files/Pods-ctkit_Tests/Pods-ctkit_Tests-frameworks.sh\"\n";
			showEnvVarsInLog = 0;
		};
		F1FD27FB623A6A342CA8ED16 /* [CP] Check Pods Manifest.lock */ = {
			isa = PBXShellScriptBuildPhase;
			buildActionMask = 2147483647;
			files = (
			);
			inputFileListPaths = (
			);
			inputPaths = (
				"${PODS_PODFILE_DIR_PATH}/Podfile.lock",
				"${PODS_ROOT}/Manifest.lock",
			);
			name = "[CP] Check Pods Manifest.lock";
			outputFileListPaths = (
			);
			outputPaths = (
				"$(DERIVED_FILE_DIR)/Pods-ctkit_Example-checkManifestLockResult.txt",
			);
			runOnlyForDeploymentPostprocessing = 0;
			shellPath = /bin/sh;
			shellScript = "diff \"${PODS_PODFILE_DIR_PATH}/Podfile.lock\" \"${PODS_ROOT}/Manifest.lock\" > /dev/null\nif [ $? != 0 ] ; then\n    # print error to STDERR\n    echo \"error: The sandbox is not in sync with the Podfile.lock. Run 'pod install' or update your CocoaPods installation.\" >&2\n    exit 1\nfi\n# This output is used by Xcode 'outputs' to avoid re-running this script phase.\necho \"SUCCESS\" > \"${SCRIPT_OUTPUT_FILE_0}\"\n";
			showEnvVarsInLog = 0;
		};
/* End PBXShellScriptBuildPhase section */

/* Begin PBXSourcesBuildPhase section */
		607FACCC1AFB9204008FA782 /* Sources */ = {
			isa = PBXSourcesBuildPhase;
			buildActionMask = 2147483647;
			files = (
				C02A3DA22163A1C40010617A /* BikeTableViewController.swift in Sources */,
				C02A3D9C21635B250010617A /* CreateAccountViewController.swift in Sources */,
				607FACD81AFB9204008FA782 /* ViewController.swift in Sources */,
				85B6E945218351DB00F44404 /* RideTableViewController.swift in Sources */,
				C02A3DA0216373660010617A /* LoadingViewController.swift in Sources */,
				C02A3D9E21635EEB0010617A /* AccountViewController.swift in Sources */,
				C0DF759021674E0900260751 /* GeofenceTableViewController.swift in Sources */,
				607FACD61AFB9204008FA782 /* AppDelegate.swift in Sources */,
			);
			runOnlyForDeploymentPostprocessing = 0;
		};
		607FACE11AFB9204008FA782 /* Sources */ = {
			isa = PBXSourcesBuildPhase;
			buildActionMask = 2147483647;
			files = (
				85B5EAB9219D953A007ACF55 /* CTTheftCaseServiceTests.swift in Sources */,
				85F58D8A21BC1A3100F723DD /* CTBikeModelTests.swift in Sources */,
				850D66CE21BE6641002FED0D /* CTTheftCaseModelTests.swift in Sources */,
				C01C070C21AFDE46001DA570 /* CTUploadServiceTests.swift in Sources */,
				C04F41B22199C502004FF81A /* CTBikeLocationServiceTests.swift in Sources */,
				C0E873682158DF5E001BAFFB /* CTUserServiceTests.swift in Sources */,
				C0F40CD7218B2BD000F92CC9 /* CTBikeServiceTests.swift in Sources */,
				853B34B62197042000FA50FB /* CTRideServiceTests.swift in Sources */,
				85B2DE3F21A2E5D0004F524A /* CTStatisticsServiceTests.swift in Sources */,
				C0F40CD3218AEF5500F92CC9 /* CTRecoveryServiceTests.swift in Sources */,
				85B2BDCE21BBCDA3009036E7 /* CTRideModelTests.swift in Sources */,
				C0F40CDF218C542C00F92CC9 /* CTUserModelTests.swift in Sources */,
				C0F071CE2179C1FB00FE08FE /* CTErrorHandlerTests.swift in Sources */,
				C00143A021E393B800636C6E /* CTTheftCasePartnerServiceTests.swift in Sources */,
				C00A8A36218735DC003F67CB /* Resolver.swift in Sources */,
				852B85DB21943F9B00A373F1 /* CTGeofenceServiceTests.swift in Sources */,
			);
			runOnlyForDeploymentPostprocessing = 0;
		};
/* End PBXSourcesBuildPhase section */

/* Begin PBXTargetDependency section */
		607FACE71AFB9204008FA782 /* PBXTargetDependency */ = {
			isa = PBXTargetDependency;
			target = 607FACCF1AFB9204008FA782 /* ctkit_Example */;
			targetProxy = 607FACE61AFB9204008FA782 /* PBXContainerItemProxy */;
		};
/* End PBXTargetDependency section */

/* Begin PBXVariantGroup section */
		607FACD91AFB9204008FA782 /* Main.storyboard */ = {
			isa = PBXVariantGroup;
			children = (
				607FACDA1AFB9204008FA782 /* Base */,
			);
			name = Main.storyboard;
			sourceTree = "<group>";
		};
		607FACDE1AFB9204008FA782 /* LaunchScreen.xib */ = {
			isa = PBXVariantGroup;
			children = (
				607FACDF1AFB9204008FA782 /* Base */,
			);
			name = LaunchScreen.xib;
			sourceTree = "<group>";
		};
/* End PBXVariantGroup section */

/* Begin XCBuildConfiguration section */
		607FACED1AFB9204008FA782 /* Debug */ = {
			isa = XCBuildConfiguration;
			buildSettings = {
				ALWAYS_SEARCH_USER_PATHS = NO;
				CLANG_CXX_LANGUAGE_STANDARD = "gnu++0x";
				CLANG_CXX_LIBRARY = "libc++";
				CLANG_ENABLE_MODULES = YES;
				CLANG_ENABLE_OBJC_ARC = YES;
				CLANG_WARN_BLOCK_CAPTURE_AUTORELEASING = YES;
				CLANG_WARN_BOOL_CONVERSION = YES;
				CLANG_WARN_COMMA = YES;
				CLANG_WARN_CONSTANT_CONVERSION = YES;
				CLANG_WARN_DIRECT_OBJC_ISA_USAGE = YES_ERROR;
				CLANG_WARN_EMPTY_BODY = YES;
				CLANG_WARN_ENUM_CONVERSION = YES;
				CLANG_WARN_INFINITE_RECURSION = YES;
				CLANG_WARN_INT_CONVERSION = YES;
				CLANG_WARN_NON_LITERAL_NULL_CONVERSION = YES;
				CLANG_WARN_OBJC_LITERAL_CONVERSION = YES;
				CLANG_WARN_OBJC_ROOT_CLASS = YES_ERROR;
				CLANG_WARN_RANGE_LOOP_ANALYSIS = YES;
				CLANG_WARN_STRICT_PROTOTYPES = YES;
				CLANG_WARN_SUSPICIOUS_MOVE = YES;
				CLANG_WARN_UNREACHABLE_CODE = YES;
				CLANG_WARN__DUPLICATE_METHOD_MATCH = YES;
				"CODE_SIGN_IDENTITY[sdk=iphoneos*]" = "iPhone Developer";
				COPY_PHASE_STRIP = NO;
				DEBUG_INFORMATION_FORMAT = "dwarf-with-dsym";
				ENABLE_STRICT_OBJC_MSGSEND = YES;
				ENABLE_TESTABILITY = YES;
				GCC_C_LANGUAGE_STANDARD = gnu99;
				GCC_DYNAMIC_NO_PIC = NO;
				GCC_NO_COMMON_BLOCKS = YES;
				GCC_OPTIMIZATION_LEVEL = 0;
				GCC_PREPROCESSOR_DEFINITIONS = (
					"DEBUG=1",
					"$(inherited)",
				);
				GCC_SYMBOLS_PRIVATE_EXTERN = NO;
				GCC_WARN_64_TO_32_BIT_CONVERSION = YES;
				GCC_WARN_ABOUT_RETURN_TYPE = YES_ERROR;
				GCC_WARN_UNDECLARED_SELECTOR = YES;
				GCC_WARN_UNINITIALIZED_AUTOS = YES_AGGRESSIVE;
				GCC_WARN_UNUSED_FUNCTION = YES;
				GCC_WARN_UNUSED_VARIABLE = YES;
				IPHONEOS_DEPLOYMENT_TARGET = 9.3;
				MTL_ENABLE_DEBUG_INFO = YES;
				ONLY_ACTIVE_ARCH = YES;
				SDKROOT = iphoneos;
				SWIFT_COMPILATION_MODE = wholemodule;
				SWIFT_OPTIMIZATION_LEVEL = "-Onone";
				SWIFT_VERSION = 4.2;
			};
			name = Debug;
		};
		607FACEE1AFB9204008FA782 /* Release */ = {
			isa = XCBuildConfiguration;
			buildSettings = {
				ALWAYS_SEARCH_USER_PATHS = NO;
				CLANG_CXX_LANGUAGE_STANDARD = "gnu++0x";
				CLANG_CXX_LIBRARY = "libc++";
				CLANG_ENABLE_MODULES = YES;
				CLANG_ENABLE_OBJC_ARC = YES;
				CLANG_WARN_BLOCK_CAPTURE_AUTORELEASING = YES;
				CLANG_WARN_BOOL_CONVERSION = YES;
				CLANG_WARN_COMMA = YES;
				CLANG_WARN_CONSTANT_CONVERSION = YES;
				CLANG_WARN_DIRECT_OBJC_ISA_USAGE = YES_ERROR;
				CLANG_WARN_EMPTY_BODY = YES;
				CLANG_WARN_ENUM_CONVERSION = YES;
				CLANG_WARN_INFINITE_RECURSION = YES;
				CLANG_WARN_INT_CONVERSION = YES;
				CLANG_WARN_NON_LITERAL_NULL_CONVERSION = YES;
				CLANG_WARN_OBJC_LITERAL_CONVERSION = YES;
				CLANG_WARN_OBJC_ROOT_CLASS = YES_ERROR;
				CLANG_WARN_RANGE_LOOP_ANALYSIS = YES;
				CLANG_WARN_STRICT_PROTOTYPES = YES;
				CLANG_WARN_SUSPICIOUS_MOVE = YES;
				CLANG_WARN_UNREACHABLE_CODE = YES;
				CLANG_WARN__DUPLICATE_METHOD_MATCH = YES;
				"CODE_SIGN_IDENTITY[sdk=iphoneos*]" = "iPhone Developer";
				COPY_PHASE_STRIP = NO;
				DEBUG_INFORMATION_FORMAT = "dwarf-with-dsym";
				ENABLE_NS_ASSERTIONS = NO;
				ENABLE_STRICT_OBJC_MSGSEND = YES;
				GCC_C_LANGUAGE_STANDARD = gnu99;
				GCC_NO_COMMON_BLOCKS = YES;
				GCC_WARN_64_TO_32_BIT_CONVERSION = YES;
				GCC_WARN_ABOUT_RETURN_TYPE = YES_ERROR;
				GCC_WARN_UNDECLARED_SELECTOR = YES;
				GCC_WARN_UNINITIALIZED_AUTOS = YES_AGGRESSIVE;
				GCC_WARN_UNUSED_FUNCTION = YES;
				GCC_WARN_UNUSED_VARIABLE = YES;
				IPHONEOS_DEPLOYMENT_TARGET = 9.3;
				MTL_ENABLE_DEBUG_INFO = NO;
				SDKROOT = iphoneos;
				SWIFT_OPTIMIZATION_LEVEL = "-Owholemodule";
				SWIFT_VERSION = 4.2;
				VALIDATE_PRODUCT = YES;
			};
			name = Release;
		};
		607FACF01AFB9204008FA782 /* Debug */ = {
			isa = XCBuildConfiguration;
			baseConfigurationReference = 54C3B40E428E089F6C392217 /* Pods-ctkit_Example.debug.xcconfig */;
			buildSettings = {
				ASSETCATALOG_COMPILER_APPICON_NAME = AppIcon;
				DEVELOPMENT_TEAM = PHFR6RN8YP;
				INFOPLIST_FILE = ctkit/Info.plist;
				LD_RUNPATH_SEARCH_PATHS = "$(inherited) @executable_path/Frameworks";
				MODULE_NAME = ExampleApp;
				PRODUCT_BUNDLE_IDENTIFIER = "org.cocoapods.demo.$(PRODUCT_NAME:rfc1034identifier)";
				PRODUCT_NAME = "$(TARGET_NAME)";
				SWIFT_SWIFT3_OBJC_INFERENCE = Default;
				SWIFT_VERSION = 4.2;
			};
			name = Debug;
		};
		607FACF11AFB9204008FA782 /* Release */ = {
			isa = XCBuildConfiguration;
			baseConfigurationReference = 4EE7BD0D0F7B0418568D2160 /* Pods-ctkit_Example.release.xcconfig */;
			buildSettings = {
				ASSETCATALOG_COMPILER_APPICON_NAME = AppIcon;
				DEVELOPMENT_TEAM = PHFR6RN8YP;
				INFOPLIST_FILE = ctkit/Info.plist;
				LD_RUNPATH_SEARCH_PATHS = "$(inherited) @executable_path/Frameworks";
				MODULE_NAME = ExampleApp;
				PRODUCT_BUNDLE_IDENTIFIER = "org.cocoapods.demo.$(PRODUCT_NAME:rfc1034identifier)";
				PRODUCT_NAME = "$(TARGET_NAME)";
				SWIFT_SWIFT3_OBJC_INFERENCE = Default;
				SWIFT_VERSION = 4.2;
			};
			name = Release;
		};
		607FACF31AFB9204008FA782 /* Debug */ = {
			isa = XCBuildConfiguration;
			baseConfigurationReference = 9E9684D6BB1AB15BB76CF588 /* Pods-ctkit_Tests.debug.xcconfig */;
			buildSettings = {
				FRAMEWORK_SEARCH_PATHS = (
					"$(SDKROOT)/Developer/Library/Frameworks",
					"$(inherited)",
				);
				GCC_PREPROCESSOR_DEFINITIONS = (
					"DEBUG=1",
					"$(inherited)",
				);
				INFOPLIST_FILE = Tests/Info.plist;
				LD_RUNPATH_SEARCH_PATHS = "$(inherited) @executable_path/Frameworks @loader_path/Frameworks";
				PRODUCT_BUNDLE_IDENTIFIER = "org.cocoapods.$(PRODUCT_NAME:rfc1034identifier)";
				PRODUCT_NAME = "$(TARGET_NAME)";
				SWIFT_SWIFT3_OBJC_INFERENCE = Default;
				SWIFT_VERSION = 4.2;
				TEST_HOST = "$(BUILT_PRODUCTS_DIR)/ctkit_Example.app/ctkit_Example";
			};
			name = Debug;
		};
		607FACF41AFB9204008FA782 /* Release */ = {
			isa = XCBuildConfiguration;
			baseConfigurationReference = 030CCC9B44F2962C07AE3294 /* Pods-ctkit_Tests.release.xcconfig */;
			buildSettings = {
				FRAMEWORK_SEARCH_PATHS = (
					"$(SDKROOT)/Developer/Library/Frameworks",
					"$(inherited)",
				);
				INFOPLIST_FILE = Tests/Info.plist;
				LD_RUNPATH_SEARCH_PATHS = "$(inherited) @executable_path/Frameworks @loader_path/Frameworks";
				PRODUCT_BUNDLE_IDENTIFIER = "org.cocoapods.$(PRODUCT_NAME:rfc1034identifier)";
				PRODUCT_NAME = "$(TARGET_NAME)";
				SWIFT_SWIFT3_OBJC_INFERENCE = Default;
				SWIFT_VERSION = 4.2;
				TEST_HOST = "$(BUILT_PRODUCTS_DIR)/ctkit_Example.app/ctkit_Example";
			};
			name = Release;
		};
/* End XCBuildConfiguration section */

/* Begin XCConfigurationList section */
		607FACCB1AFB9204008FA782 /* Build configuration list for PBXProject "ctkit" */ = {
			isa = XCConfigurationList;
			buildConfigurations = (
				607FACED1AFB9204008FA782 /* Debug */,
				607FACEE1AFB9204008FA782 /* Release */,
			);
			defaultConfigurationIsVisible = 0;
			defaultConfigurationName = Release;
		};
		607FACEF1AFB9204008FA782 /* Build configuration list for PBXNativeTarget "ctkit_Example" */ = {
			isa = XCConfigurationList;
			buildConfigurations = (
				607FACF01AFB9204008FA782 /* Debug */,
				607FACF11AFB9204008FA782 /* Release */,
			);
			defaultConfigurationIsVisible = 0;
			defaultConfigurationName = Release;
		};
		607FACF21AFB9204008FA782 /* Build configuration list for PBXNativeTarget "ctkit_Tests" */ = {
			isa = XCConfigurationList;
			buildConfigurations = (
				607FACF31AFB9204008FA782 /* Debug */,
				607FACF41AFB9204008FA782 /* Release */,
			);
			defaultConfigurationIsVisible = 0;
			defaultConfigurationName = Release;
		};
/* End XCConfigurationList section */
	};
	rootObject = 607FACC81AFB9204008FA782 /* Project object */;
}
